// !$*UTF8*$!
{
	archiveVersion = 1;
	classes = {
	};
	objectVersion = 77;
	objects = {

/* Begin PBXBuildFile section */
		2C8D86052F9A21C30037014A /* AppDelegate.m in Sources */ = {isa = PBXBuildFile; fileRef = 2C8D85F82F9A21C30037014A /* AppDelegate.m */; };
		2C8D86062F9A21C30037014A /* main.m in Sources */ = {isa = PBXBuildFile; fileRef = 2C8D85FD2F9A21C30037014A /* main.m */; };
		2C8D86072F9A21C30037014A /* SceneDelegate.m in Sources */ = {isa = PBXBuildFile; fileRef = 2C8D86012F9A21C30037014A /* SceneDelegate.m */; };
		2C8D86082F9A21C30037014A /* ViewController.m in Sources */ = {isa = PBXBuildFile; fileRef = 2C8D86032F9A21C30037014A /* ViewController.m */; };
		2C8D86092F9A21C30037014A /* Assets.xcassets in Resources */ = {isa = PBXBuildFile; fileRef = 2C8D85F92F9A21C30037014A /* Assets.xcassets */; };
		2C8D860B2F9A21C30037014A /* LaunchScreen.storyboard in Resources */ = {isa = PBXBuildFile; fileRef = 2C8D85FC2F9A21C30037014A /* LaunchScreen.storyboard */; };
		2C8D860C2F9A21C30037014A /* Main.storyboard in Resources */ = {isa = PBXBuildFile; fileRef = 2C8D85FF2F9A21C30037014A /* Main.storyboard */; };
		2C8D860F2F9A21C90037014A /* DJIStreamDemoTests.m in Sources */ = {isa = PBXBuildFile; fileRef = 2C8D860D2F9A21C90037014A /* DJIStreamDemoTests.m */; };
		2C8D86132F9A21CC0037014A /* DJIStreamDemoUITests.m in Sources */ = {isa = PBXBuildFile; fileRef = 2C8D86102F9A21CC0037014A /* DJIStreamDemoUITests.m */; };
		2C8D86142F9A21CC0037014A /* DJIStreamDemoUITestsLaunchTests.m in Sources */ = {isa = PBXBuildFile; fileRef = 2C8D86112F9A21CC0037014A /* DJIStreamDemoUITestsLaunchTests.m */; };
		2C8D94B92F9F545F0037014A /* TVUIRLDJIDeviceMessage.m in Sources */ = {isa = PBXBuildFile; fileRef = 2C8D94AD2F9F545F0037014A /* TVUIRLDJIDeviceMessage.m */; };
		2C8D94BA2F9F545F0037014A /* TVUIRLDJITypes.m in Sources */ = {isa = PBXBuildFile; fileRef = 2C8D94B72F9F545F0037014A /* TVUIRLDJITypes.m */; };
		2C8D94BB2F9F545F0037014A /* TVUIRLDJIMessage.m in Sources */ = {isa = PBXBuildFile; fileRef = 2C8D94B32F9F545F0037014A /* TVUIRLDJIMessage.m */; };
		2C8D94BC2F9F545F0037014A /* TVUIRLDJIStreamManager.m in Sources */ = {isa = PBXBuildFile; fileRef = 2C8D94B52F9F545F0037014A /* TVUIRLDJIStreamManager.m */; };
		2C8D94BD2F9F545F0037014A /* TVUIRLDJIDevice.m in Sources */ = {isa = PBXBuildFile; fileRef = 2C8D94AB2F9F545F0037014A /* TVUIRLDJIDevice.m */; };
		2C8D94BE2F9F545F0037014A /* TVUIRLDJICrc.m in Sources */ = {isa = PBXBuildFile; fileRef = 2C8D94A62F9F545F0037014A /* TVUIRLDJICrc.m */; };
		2C8D94BF2F9F545F0037014A /* TVUIRLByteIO.m in Sources */ = {isa = PBXBuildFile; fileRef = 2C8D94A42F9F545F0037014A /* TVUIRLByteIO.m */; };
		2C8D94C02F9F545F0037014A /* TVUIRLDJIDeviceModel.m in Sources */ = {isa = PBXBuildFile; fileRef = 2C8D94AF2F9F545F0037014A /* TVUIRLDJIDeviceModel.m */; };
		2C8D94C12F9F545F0037014A /* TVUIRLDJIDeviceScanner.m in Sources */ = {isa = PBXBuildFile; fileRef = 2C8D94B12F9F545F0037014A /* TVUIRLDJIDeviceScanner.m */; };
		2C8D94C22F9F545F0037014A /* TVUIRLSimpleTimer.m in Sources */ = {isa = PBXBuildFile; fileRef = 2C8D94A82F9F545F0037014A /* TVUIRLSimpleTimer.m */; };
		2C8D94C62FA05E580037014A /* TVUIRLDataReader.m in Sources */ = {isa = PBXBuildFile; fileRef = 2C8D94C52FA05E580037014A /* TVUIRLDataReader.m */; };
		2C8D94C92FA05E6F0037014A /* TVUIRLDataWriter.m in Sources */ = {isa = PBXBuildFile; fileRef = 2C8D94C82FA05E6F0037014A /* TVUIRLDataWriter.m */; };
		2C8D94CC2FA05E850037014A /* TVUIRLBandwidthMeter.m in Sources */ = {isa = PBXBuildFile; fileRef = 2C8D94CB2FA05E850037014A /* TVUIRLBandwidthMeter.m */; };
		2C8D94CF2FA05EAB0037014A /* TVUIRLAmfValue.m in Sources */ = {isa = PBXBuildFile; fileRef = 2C8D94CE2FA05EAB0037014A /* TVUIRLAmfValue.m */; };
		2C8D94D22FA05EC50037014A /* TVUIRLAmfEncoder.m in Sources */ = {isa = PBXBuildFile; fileRef = 2C8D94D12FA05EC50037014A /* TVUIRLAmfEncoder.m */; };
		2C8D94D52FA05EF50037014A /* TVUIRLAmfDecoder.m in Sources */ = {isa = PBXBuildFile; fileRef = 2C8D94D42FA05EF50037014A /* TVUIRLAmfDecoder.m */; };
		2C8D94D82FA05F3F0037014A /* TVUIRLProtocolMessage.m in Sources */ = {isa = PBXBuildFile; fileRef = 2C8D94D72FA05F3F0037014A /* TVUIRLProtocolMessage.m */; };
		2C8D94DB2FA05F4C0037014A /* TVUIRLAckMessage.m in Sources */ = {isa = PBXBuildFile; fileRef = 2C8D94DA2FA05F4C0037014A /* TVUIRLAckMessage.m */; };
		2C8D94DE2FA05F5A0037014A /* TVUIRLWindowAckMessage.m in Sources */ = {isa = PBXBuildFile; fileRef = 2C8D94DD2FA05F5A0037014A /* TVUIRLWindowAckMessage.m */; };
		2C8D94E12FA05F650037014A /* TVUIRLFlowControl.m in Sources */ = {isa = PBXBuildFile; fileRef = 2C8D94E02FA05F650037014A /* TVUIRLFlowControl.m */; };
		2C8D94E42FA05F780037014A /* TVUIRLBandwidthConfig.m in Sources */ = {isa = PBXBuildFile; fileRef = 2C8D94E32FA05F780037014A /* TVUIRLBandwidthConfig.m */; };
		2C8D94E72FA05F9B0037014A /* TVUIRLCommandMessage.m in Sources */ = {isa = PBXBuildFile; fileRef = 2C8D94E62FA05F9B0037014A /* TVUIRLCommandMessage.m */; };
		2C8D94EA2FA05FD80037014A /* TVUIRLMediaPacket.m in Sources */ = {isa = PBXBuildFile; fileRef = 2C8D94E92FA05FD80037014A /* TVUIRLMediaPacket.m */; };
		2C8D94ED2FA060130037014A /* TVUIRLVideoConfigAvc.m in Sources */ = {isa = PBXBuildFile; fileRef = 2C8D94EC2FA060130037014A /* TVUIRLVideoConfigAvc.m */; };
		2C8D94F02FA0602B0037014A /* TVUIRLVideoConfigHevc.m in Sources */ = {isa = PBXBuildFile; fileRef = 2C8D94EF2FA0602B0037014A /* TVUIRLVideoConfigHevc.m */; };
		2C8D94F32FA0604B0037014A /* TVUIRLAudioConfig.m in Sources */ = {isa = PBXBuildFile; fileRef = 2C8D94F22FA0604B0037014A /* TVUIRLAudioConfig.m */; };
		2C8D94F62FA060B00037014A /* TVUIRLStreamConfig.m in Sources */ = {isa = PBXBuildFile; fileRef = 2C8D94F52FA060B00037014A /* TVUIRLStreamConfig.m */; };
		2C8D94F92FA060C40037014A /* TVUIRLMediaClock.m in Sources */ = {isa = PBXBuildFile; fileRef = 2C8D94F82FA060C40037014A /* TVUIRLMediaClock.m */; };
		2C8D95012FA0613A0037014A /* TVUIRLStreamingServer.m in Sources */ = {isa = PBXBuildFile; fileRef = 2C8D95002FA0613A0037014A /* TVUIRLStreamingServer.m */; };
		2C8D95032FA062090037014A /* TVUIRLStreamConnection.m in Sources */ = {isa = PBXBuildFile; fileRef = 2C8D95022FA062090037014A /* TVUIRLStreamConnection.m */; };
		2C8D95052FA062880037014A /* TVUIRLMediaPipeline.m in Sources */ = {isa = PBXBuildFile; fileRef = 2C8D95042FA062880037014A /* TVUIRLMediaPipeline.m */; };
		2C8D95072FA077D80037014A /* TVUIRLHardwareDecoder.m in Sources */ = {isa = PBXBuildFile; fileRef = 2C8D95062FA077D80037014A /* TVUIRLHardwareDecoder.m */; };
		2C8D95092FA077F60037014A /* TVUIRLAudioDecoder.m in Sources */ = {isa = PBXBuildFile; fileRef = 2C8D95082FA077F60037014A /* TVUIRLAudioDecoder.m */; };
		2C8D950D2FA07B8A0037014A /* TVUIRLNetworkTransport.m in Sources */ = {isa = PBXBuildFile; fileRef = 2C8D950C2FA07B8A0037014A /* TVUIRLNetworkTransport.m */; };
		2C8D95102FA07BA90037014A /* TVUIRLAsyncSocketTransport.m in Sources */ = {isa = PBXBuildFile; fileRef = 2C8D950F2FA07BA90037014A /* TVUIRLAsyncSocketTransport.m */; };
		2C8D95122FA07BB30037014A /* TVUIRLTransport.m in Sources */ = {isa = PBXBuildFile; fileRef = 2C8D95112FA07BB30037014A /* TVUIRLTransport.m */; };
		2C8D95152FA07FBF0037014A /* RTMPIngestController.m in Sources */ = {isa = PBXBuildFile; fileRef = 2C8D95142FA07FBF0037014A /* RTMPIngestController.m */; };
		2C8D95242FA083EF0037014A /* ByteIO.swift in Sources */ = {isa = PBXBuildFile; fileRef = 2C8D95172FA083EF0037014A /* ByteIO.swift */; };
		2C8D95252FA083EF0037014A /* DjiCrc.swift in Sources */ = {isa = PBXBuildFile; fileRef = 2C8D95182FA083EF0037014A /* DjiCrc.swift */; };
		2C8D95262FA083EF0037014A /* DjiSettings.swift in Sources */ = {isa = PBXBuildFile; fileRef = 2C8D951A2FA083EF0037014A /* DjiSettings.swift */; };
		2C8D95272FA083EF0037014A /* SimpleTimer.swift in Sources */ = {isa = PBXBuildFile; fileRef = 2C8D951B2FA083EF0037014A /* SimpleTimer.swift */; };
		2C8D95282FA083EF0037014A /* DjiDeviceMessage.swift in Sources */ = {isa = PBXBuildFile; fileRef = 2C8D951E2FA083EF0037014A /* DjiDeviceMessage.swift */; };
		2C8D95292FA083EF0037014A /* DjiDeviceModel.swift in Sources */ = {isa = PBXBuildFile; fileRef = 2C8D951F2FA083EF0037014A /* DjiDeviceModel.swift */; };
		2C8D952A2FA083EF0037014A /* DjiDeviceScanner.swift in Sources */ = {isa = PBXBuildFile; fileRef = 2C8D95202FA083EF0037014A /* DjiDeviceScanner.swift */; };
		2C8D952B2FA083EF0037014A /* DJIStreamController.swift in Sources */ = {isa = PBXBuildFile; fileRef = 2C8D95222FA083EF0037014A /* DJIStreamController.swift */; };
		2C8D952C2FA083EF0037014A /* DjiDevice.swift in Sources */ = {isa = PBXBuildFile; fileRef = 2C8D951D2FA083EF0037014A /* DjiDevice.swift */; };
		2C8D952D2FA083EF0037014A /* DjiLogger.swift in Sources */ = {isa = PBXBuildFile; fileRef = 2C8D95192FA083EF0037014A /* DjiLogger.swift */; };
		2C8D952E2FA083EF0037014A /* DjiMessage.swift in Sources */ = {isa = PBXBuildFile; fileRef = 2C8D95212FA083EF0037014A /* DjiMessage.swift */; };
		2C8D954F2FA090BF0037014A /* TVUIRLShaderProgram.m in Sources */ = {isa = PBXBuildFile; fileRef = 2C8D95472FA090BF0037014A /* TVUIRLShaderProgram.m */; };
		2C8D95512FA090BF0037014A /* TVUIRLTextureCache.m in Sources */ = {isa = PBXBuildFile; fileRef = 2C8D954B2FA090BF0037014A /* TVUIRLTextureCache.m */; };
		2C8D95532FA090BF0037014A /* TVUIRLPreviewController.m in Sources */ = {isa = PBXBuildFile; fileRef = 2C8D95432FA090BF0037014A /* TVUIRLPreviewController.m */; };
		2C8D95552FA095C70037014A /* ByteReader.swift in Sources */ = {isa = PBXBuildFile; fileRef = 2C8D95542FA095C70037014A /* ByteReader.swift */; };
		2C8D95572FA095CC0037014A /* ByteWriter.swift in Sources */ = {isa = PBXBuildFile; fileRef = 2C8D95562FA095CC0037014A /* ByteWriter.swift */; };
		3223E841F5B4CA77814944C6 /* Pods_DJIStreamDemoTests.framework in Frameworks */ = {isa = PBXBuildFile; fileRef = A1C3CA46F5DB5217E658BC3E /* Pods_DJIStreamDemoTests.framework */; };
		AA8C4DEAAC03EA9D79DD8D11 /* Pods_DJIStreamDemo_DJIStreamDemoUITests.framework in Frameworks */ = {isa = PBXBuildFile; fileRef = 8A72C08608C59BBF286C162A /* Pods_DJIStreamDemo_DJIStreamDemoUITests.framework */; };
		D6D659F2DCC7E74783545036 /* Pods_DJIStreamDemo.framework in Frameworks */ = {isa = PBXBuildFile; fileRef = 7BBB5707B7BE8B4AB2C5BDAD /* Pods_DJIStreamDemo.framework */; };
/* End PBXBuildFile section */

/* Begin PBXContainerItemProxy section */
		2C8D85DA2F9A20EC0037014A /* PBXContainerItemProxy */ = {
			isa = PBXContainerItemProxy;
			containerPortal = 2C8D85B62F9A20EA0037014A /* Project object */;
			proxyType = 1;
			remoteGlobalIDString = 2C8D85BD2F9A20EA0037014A;
			remoteInfo = DJIStreamDemo;
		};
		2C8D85E42F9A20EC0037014A /* PBXContainerItemProxy */ = {
			isa = PBXContainerItemProxy;
			containerPortal = 2C8D85B62F9A20EA0037014A /* Project object */;
			proxyType = 1;
			remoteGlobalIDString = 2C8D85BD2F9A20EA0037014A;
			remoteInfo = DJIStreamDemo;
		};
/* End PBXContainerItemProxy section */

/* Begin PBXFileReference section */
		04EB06639A1E82FB0F5B6084 /* Pods-DJIStreamDemo.release.xcconfig */ = {isa = PBXFileReference; includeInIndex = 1; lastKnownFileType = text.xcconfig; name = "Pods-DJIStreamDemo.release.xcconfig"; path = "Target Support Files/Pods-DJIStreamDemo/Pods-DJIStreamDemo.release.xcconfig"; sourceTree = "<group>"; };
		2C8D85BE2F9A20EA0037014A /* DJIStreamDemo.app */ = {isa = PBXFileReference; explicitFileType = wrapper.application; includeInIndex = 0; path = DJIStreamDemo.app; sourceTree = BUILT_PRODUCTS_DIR; };
		2C8D85D92F9A20EC0037014A /* DJIStreamDemoTests.xctest */ = {isa = PBXFileReference; explicitFileType = wrapper.cfbundle; includeInIndex = 0; path = DJIStreamDemoTests.xctest; sourceTree = BUILT_PRODUCTS_DIR; };
		2C8D85E32F9A20EC0037014A /* DJIStreamDemoUITests.xctest */ = {isa = PBXFileReference; explicitFileType = wrapper.cfbundle; includeInIndex = 0; path = DJIStreamDemoUITests.xctest; sourceTree = BUILT_PRODUCTS_DIR; };
		2C8D85F72F9A21C30037014A /* AppDelegate.h */ = {isa = PBXFileReference; lastKnownFileType = sourcecode.c.h; path = AppDelegate.h; sourceTree = "<group>"; };
		2C8D85F82F9A21C30037014A /* AppDelegate.m */ = {isa = PBXFileReference; lastKnownFileType = sourcecode.c.objc; path = AppDelegate.m; sourceTree = "<group>"; };
		2C8D85F92F9A21C30037014A /* Assets.xcassets */ = {isa = PBXFileReference; lastKnownFileType = folder.assetcatalog; path = Assets.xcassets; sourceTree = "<group>"; };
		2C8D85FA2F9A21C30037014A /* Info.plist */ = {isa = PBXFileReference; lastKnownFileType = text.plist.xml; path = Info.plist; sourceTree = "<group>"; };
		2C8D85FB2F9A21C30037014A /* Base */ = {isa = PBXFileReference; lastKnownFileType = file.storyboard; name = Base; path = Base.lproj/LaunchScreen.storyboard; sourceTree = "<group>"; };
		2C8D85FD2F9A21C30037014A /* main.m */ = {isa = PBXFileReference; lastKnownFileType = sourcecode.c.objc; path = main.m; sourceTree = "<group>"; };
		2C8D85FE2F9A21C30037014A /* Base */ = {isa = PBXFileReference; lastKnownFileType = file.storyboard; name = Base; path = Base.lproj/Main.storyboard; sourceTree = "<group>"; };
		2C8D86002F9A21C30037014A /* SceneDelegate.h */ = {isa = PBXFileReference; lastKnownFileType = sourcecode.c.h; path = SceneDelegate.h; sourceTree = "<group>"; };
		2C8D86012F9A21C30037014A /* SceneDelegate.m */ = {isa = PBXFileReference; lastKnownFileType = sourcecode.c.objc; path = SceneDelegate.m; sourceTree = "<group>"; };
		2C8D86022F9A21C30037014A /* ViewController.h */ = {isa = PBXFileReference; lastKnownFileType = sourcecode.c.h; path = ViewController.h; sourceTree = "<group>"; };
		2C8D86032F9A21C30037014A /* ViewController.m */ = {isa = PBXFileReference; lastKnownFileType = sourcecode.c.objc; path = ViewController.m; sourceTree = "<group>"; };
		2C8D860D2F9A21C90037014A /* DJIStreamDemoTests.m */ = {isa = PBXFileReference; lastKnownFileType = sourcecode.c.objc; path = DJIStreamDemoTests.m; sourceTree = "<group>"; };
		2C8D86102F9A21CC0037014A /* DJIStreamDemoUITests.m */ = {isa = PBXFileReference; lastKnownFileType = sourcecode.c.objc; path = DJIStreamDemoUITests.m; sourceTree = "<group>"; };
		2C8D86112F9A21CC0037014A /* DJIStreamDemoUITestsLaunchTests.m */ = {isa = PBXFileReference; lastKnownFileType = sourcecode.c.objc; path = DJIStreamDemoUITestsLaunchTests.m; sourceTree = "<group>"; };
		2C8D8D102F9A2D120037014A /* Shader.metal */ = {isa = PBXFileReference; lastKnownFileType = sourcecode.metal; path = Shader.metal; sourceTree = "<group>"; };
		2C8D94A32F9F545F0037014A /* TVUIRLByteIO.h */ = {isa = PBXFileReference; lastKnownFileType = sourcecode.c.h; path = TVUIRLByteIO.h; sourceTree = "<group>"; };
		2C8D94A42F9F545F0037014A /* TVUIRLByteIO.m */ = {isa = PBXFileReference; lastKnownFileType = sourcecode.c.objc; path = TVUIRLByteIO.m; sourceTree = "<group>"; };
		2C8D94A52F9F545F0037014A /* TVUIRLDJICrc.h */ = {isa = PBXFileReference; lastKnownFileType = sourcecode.c.h; path = TVUIRLDJICrc.h; sourceTree = "<group>"; };
		2C8D94A62F9F545F0037014A /* TVUIRLDJICrc.m */ = {isa = PBXFileReference; lastKnownFileType = sourcecode.c.objc; path = TVUIRLDJICrc.m; sourceTree = "<group>"; };
		2C8D94A72F9F545F0037014A /* TVUIRLSimpleTimer.h */ = {isa = PBXFileReference; lastKnownFileType = sourcecode.c.h; path = TVUIRLSimpleTimer.h; sourceTree = "<group>"; };
		2C8D94A82F9F545F0037014A /* TVUIRLSimpleTimer.m */ = {isa = PBXFileReference; lastKnownFileType = sourcecode.c.objc; path = TVUIRLSimpleTimer.m; sourceTree = "<group>"; };
		2C8D94AA2F9F545F0037014A /* TVUIRLDJIDevice.h */ = {isa = PBXFileReference; lastKnownFileType = sourcecode.c.h; path = TVUIRLDJIDevice.h; sourceTree = "<group>"; };
		2C8D94AB2F9F545F0037014A /* TVUIRLDJIDevice.m */ = {isa = PBXFileReference; lastKnownFileType = sourcecode.c.objc; path = TVUIRLDJIDevice.m; sourceTree = "<group>"; };
		2C8D94AC2F9F545F0037014A /* TVUIRLDJIDeviceMessage.h */ = {isa = PBXFileReference; lastKnownFileType = sourcecode.c.h; path = TVUIRLDJIDeviceMessage.h; sourceTree = "<group>"; };
		2C8D94AD2F9F545F0037014A /* TVUIRLDJIDeviceMessage.m */ = {isa = PBXFileReference; lastKnownFileType = sourcecode.c.objc; path = TVUIRLDJIDeviceMessage.m; sourceTree = "<group>"; };
		2C8D94AE2F9F545F0037014A /* TVUIRLDJIDeviceModel.h */ = {isa = PBXFileReference; lastKnownFileType = sourcecode.c.h; path = TVUIRLDJIDeviceModel.h; sourceTree = "<group>"; };
		2C8D94AF2F9F545F0037014A /* TVUIRLDJIDeviceModel.m */ = {isa = PBXFileReference; lastKnownFileType = sourcecode.c.objc; path = TVUIRLDJIDeviceModel.m; sourceTree = "<group>"; };
		2C8D94B02F9F545F0037014A /* TVUIRLDJIDeviceScanner.h */ = {isa = PBXFileReference; lastKnownFileType = sourcecode.c.h; path = TVUIRLDJIDeviceScanner.h; sourceTree = "<group>"; };
		2C8D94B12F9F545F0037014A /* TVUIRLDJIDeviceScanner.m */ = {isa = PBXFileReference; lastKnownFileType = sourcecode.c.objc; path = TVUIRLDJIDeviceScanner.m; sourceTree = "<group>"; };
		2C8D94B22F9F545F0037014A /* TVUIRLDJIMessage.h */ = {isa = PBXFileReference; lastKnownFileType = sourcecode.c.h; path = TVUIRLDJIMessage.h; sourceTree = "<group>"; };
		2C8D94B32F9F545F0037014A /* TVUIRLDJIMessage.m */ = {isa = PBXFileReference; lastKnownFileType = sourcecode.c.objc; path = TVUIRLDJIMessage.m; sourceTree = "<group>"; };
		2C8D94B42F9F545F0037014A /* TVUIRLDJIStreamManager.h */ = {isa = PBXFileReference; lastKnownFileType = sourcecode.c.h; path = TVUIRLDJIStreamManager.h; sourceTree = "<group>"; };
		2C8D94B52F9F545F0037014A /* TVUIRLDJIStreamManager.m */ = {isa = PBXFileReference; lastKnownFileType = sourcecode.c.objc; path = TVUIRLDJIStreamManager.m; sourceTree = "<group>"; };
		2C8D94B62F9F545F0037014A /* TVUIRLDJITypes.h */ = {isa = PBXFileReference; lastKnownFileType = sourcecode.c.h; path = TVUIRLDJITypes.h; sourceTree = "<group>"; };
		2C8D94B72F9F545F0037014A /* TVUIRLDJITypes.m */ = {isa = PBXFileReference; lastKnownFileType = sourcecode.c.objc; path = TVUIRLDJITypes.m; sourceTree = "<group>"; };
		2C8D94C42FA05E440037014A /* TVUIRLDataReader.h */ = {isa = PBXFileReference; lastKnownFileType = sourcecode.c.h; path = TVUIRLDataReader.h; sourceTree = "<group>"; };
		2C8D94C52FA05E580037014A /* TVUIRLDataReader.m */ = {isa = PBXFileReference; lastKnownFileType = sourcecode.c.objc; path = TVUIRLDataReader.m; sourceTree = "<group>"; };
		2C8D94C72FA05E620037014A /* TVUIRLDataWriter.h */ = {isa = PBXFileReference; lastKnownFileType = sourcecode.c.h; path = TVUIRLDataWriter.h; sourceTree = "<group>"; };
		2C8D94C82FA05E6F0037014A /* TVUIRLDataWriter.m */ = {isa = PBXFileReference; lastKnownFileType = sourcecode.c.objc; path = TVUIRLDataWriter.m; sourceTree = "<group>"; };
		2C8D94CA2FA05E790037014A /* TVUIRLBandwidthMeter.h */ = {isa = PBXFileReference; lastKnownFileType = sourcecode.c.h; path = TVUIRLBandwidthMeter.h; sourceTree = "<group>"; };
		2C8D94CB2FA05E850037014A /* TVUIRLBandwidthMeter.m */ = {isa = PBXFileReference; lastKnownFileType = sourcecode.c.objc; path = TVUIRLBandwidthMeter.m; sourceTree = "<group>"; };
		2C8D94CD2FA05E990037014A /* TVUIRLAmfValue.h */ = {isa = PBXFileReference; lastKnownFileType = sourcecode.c.h; path = TVUIRLAmfValue.h; sourceTree = "<group>"; };
		2C8D94CE2FA05EAB0037014A /* TVUIRLAmfValue.m */ = {isa = PBXFileReference; lastKnownFileType = sourcecode.c.objc; path = TVUIRLAmfValue.m; sourceTree = "<group>"; };
		2C8D94D02FA05EB20037014A /* TVUIRLAmfEncoder.h */ = {isa = PBXFileReference; lastKnownFileType = sourcecode.c.h; path = TVUIRLAmfEncoder.h; sourceTree = "<group>"; };
		2C8D94D12FA05EC50037014A /* TVUIRLAmfEncoder.m */ = {isa = PBXFileReference; lastKnownFileType = sourcecode.c.objc; path = TVUIRLAmfEncoder.m; sourceTree = "<group>"; };
		2C8D94D32FA05ED10037014A /* TVUIRLAmfDecoder.h */ = {isa = PBXFileReference; lastKnownFileType = sourcecode.c.h; path = TVUIRLAmfDecoder.h; sourceTree = "<group>"; };
		2C8D94D42FA05EF50037014A /* TVUIRLAmfDecoder.m */ = {isa = PBXFileReference; lastKnownFileType = sourcecode.c.objc; path = TVUIRLAmfDecoder.m; sourceTree = "<group>"; };
		2C8D94D62FA05F370037014A /* TVUIRLProtocolMessage.h */ = {isa = PBXFileReference; lastKnownFileType = sourcecode.c.h; path = TVUIRLProtocolMessage.h; sourceTree = "<group>"; };
		2C8D94D72FA05F3F0037014A /* TVUIRLProtocolMessage.m */ = {isa = PBXFileReference; lastKnownFileType = sourcecode.c.objc; path = TVUIRLProtocolMessage.m; sourceTree = "<group>"; };
		2C8D94D92FA05F440037014A /* TVUIRLAckMessage.h */ = {isa = PBXFileReference; lastKnownFileType = sourcecode.c.h; path = TVUIRLAckMessage.h; sourceTree = "<group>"; };
		2C8D94DA2FA05F4C0037014A /* TVUIRLAckMessage.m */ = {isa = PBXFileReference; lastKnownFileType = sourcecode.c.objc; path = TVUIRLAckMessage.m; sourceTree = "<group>"; };
		2C8D94DC2FA05F530037014A /* TVUIRLWindowAckMessage.h */ = {isa = PBXFileReference; lastKnownFileType = sourcecode.c.h; path = TVUIRLWindowAckMessage.h; sourceTree = "<group>"; };
		2C8D94DD2FA05F5A0037014A /* TVUIRLWindowAckMessage.m */ = {isa = PBXFileReference; lastKnownFileType = sourcecode.c.objc; path = TVUIRLWindowAckMessage.m; sourceTree = "<group>"; };
		2C8D94DF2FA05F5F0037014A /* TVUIRLFlowControl.h */ = {isa = PBXFileReference; lastKnownFileType = sourcecode.c.h; path = TVUIRLFlowControl.h; sourceTree = "<group>"; };
		2C8D94E02FA05F650037014A /* TVUIRLFlowControl.m */ = {isa = PBXFileReference; lastKnownFileType = sourcecode.c.objc; path = TVUIRLFlowControl.m; sourceTree = "<group>"; };
		2C8D94E22FA05F6E0037014A /* TVUIRLBandwidthConfig.h */ = {isa = PBXFileReference; lastKnownFileType = sourcecode.c.h; path = TVUIRLBandwidthConfig.h; sourceTree = "<group>"; };
		2C8D94E32FA05F780037014A /* TVUIRLBandwidthConfig.m */ = {isa = PBXFileReference; lastKnownFileType = sourcecode.c.objc; path = TVUIRLBandwidthConfig.m; sourceTree = "<group>"; };
		2C8D94E52FA05F850037014A /* TVUIRLCommandMessage.h */ = {isa = PBXFileReference; lastKnownFileType = sourcecode.c.h; path = TVUIRLCommandMessage.h; sourceTree = "<group>"; };
		2C8D94E62FA05F9B0037014A /* TVUIRLCommandMessage.m */ = {isa = PBXFileReference; lastKnownFileType = sourcecode.c.objc; path = TVUIRLCommandMessage.m; sourceTree = "<group>"; };
		2C8D94E82FA05FC20037014A /* TVUIRLMediaPacket.h */ = {isa = PBXFileReference; lastKnownFileType = sourcecode.c.h; path = TVUIRLMediaPacket.h; sourceTree = "<group>"; };
		2C8D94E92FA05FD80037014A /* TVUIRLMediaPacket.m */ = {isa = PBXFileReference; lastKnownFileType = sourcecode.c.objc; path = TVUIRLMediaPacket.m; sourceTree = "<group>"; };
		2C8D94EB2FA060060037014A /* TVUIRLVideoConfigAvc.h */ = {isa = PBXFileReference; lastKnownFileType = sourcecode.c.h; path = TVUIRLVideoConfigAvc.h; sourceTree = "<group>"; };
		2C8D94EC2FA060130037014A /* TVUIRLVideoConfigAvc.m */ = {isa = PBXFileReference; lastKnownFileType = sourcecode.c.objc; path = TVUIRLVideoConfigAvc.m; sourceTree = "<group>"; };
		2C8D94EE2FA0601E0037014A /* TVUIRLVideoConfigHevc.h */ = {isa = PBXFileReference; lastKnownFileType = sourcecode.c.h; path = TVUIRLVideoConfigHevc.h; sourceTree = "<group>"; };
		2C8D94EF2FA0602B0037014A /* TVUIRLVideoConfigHevc.m */ = {isa = PBXFileReference; lastKnownFileType = sourcecode.c.objc; path = TVUIRLVideoConfigHevc.m; sourceTree = "<group>"; };
		2C8D94F12FA0603B0037014A /* TVUIRLAudioConfig.h */ = {isa = PBXFileReference; lastKnownFileType = sourcecode.c.h; path = TVUIRLAudioConfig.h; sourceTree = "<group>"; };
		2C8D94F22FA0604B0037014A /* TVUIRLAudioConfig.m */ = {isa = PBXFileReference; lastKnownFileType = sourcecode.c.objc; path = TVUIRLAudioConfig.m; sourceTree = "<group>"; };
		2C8D94F42FA060A40037014A /* TVUIRLStreamConfig.h */ = {isa = PBXFileReference; lastKnownFileType = sourcecode.c.h; path = TVUIRLStreamConfig.h; sourceTree = "<group>"; };
		2C8D94F52FA060B00037014A /* TVUIRLStreamConfig.m */ = {isa = PBXFileReference; lastKnownFileType = sourcecode.c.objc; path = TVUIRLStreamConfig.m; sourceTree = "<group>"; };
		2C8D94F72FA060B90037014A /* TVUIRLMediaClock.h */ = {isa = PBXFileReference; lastKnownFileType = sourcecode.c.h; path = TVUIRLMediaClock.h; sourceTree = "<group>"; };
		2C8D94F82FA060C40037014A /* TVUIRLMediaClock.m */ = {isa = PBXFileReference; lastKnownFileType = sourcecode.c.objc; path = TVUIRLMediaClock.m; sourceTree = "<group>"; };
		2C8D94FA2FA060DA0037014A /* TVUIRLHardwareDecoder.h */ = {isa = PBXFileReference; lastKnownFileType = sourcecode.c.h; path = TVUIRLHardwareDecoder.h; sourceTree = "<group>"; };
		2C8D94FB2FA060E20037014A /* TVUIRLAudioDecoder.h */ = {isa = PBXFileReference; lastKnownFileType = sourcecode.c.h; path = TVUIRLAudioDecoder.h; sourceTree = "<group>"; };
		2C8D94FC2FA060F10037014A /* TVUIRLStreamingServer.h */ = {isa = PBXFileReference; lastKnownFileType = sourcecode.c.h; path = TVUIRLStreamingServer.h; sourceTree = "<group>"; };
		2C8D94FD2FA060FB0037014A /* TVUIRLStreamingServer+Internal.h */ = {isa = PBXFileReference; lastKnownFileType = sourcecode.c.h; path = "TVUIRLStreamingServer+Internal.h"; sourceTree = "<group>"; };
		2C8D94FE2FA061090037014A /* TVUIRLStreamConnection.h */ = {isa = PBXFileReference; lastKnownFileType = sourcecode.c.h; path = TVUIRLStreamConnection.h; sourceTree = "<group>"; };
		2C8D94FF2FA061150037014A /* TVUIRLMediaPipeline.h */ = {isa = PBXFileReference; lastKnownFileType = sourcecode.c.h; path = TVUIRLMediaPipeline.h; sourceTree = "<group>"; };
		2C8D95002FA0613A0037014A /* TVUIRLStreamingServer.m */ = {isa = PBXFileReference; lastKnownFileType = sourcecode.c.objc; path = TVUIRLStreamingServer.m; sourceTree = "<group>"; };
		2C8D95022FA062090037014A /* TVUIRLStreamConnection.m */ = {isa = PBXFileReference; lastKnownFileType = sourcecode.c.objc; path = TVUIRLStreamConnection.m; sourceTree = "<group>"; };
		2C8D95042FA062880037014A /* TVUIRLMediaPipeline.m */ = {isa = PBXFileReference; lastKnownFileType = sourcecode.c.objc; path = TVUIRLMediaPipeline.m; sourceTree = "<group>"; };
		2C8D95062FA077D80037014A /* TVUIRLHardwareDecoder.m */ = {isa = PBXFileReference; lastKnownFileType = sourcecode.c.objc; path = TVUIRLHardwareDecoder.m; sourceTree = "<group>"; };
		2C8D95082FA077F60037014A /* TVUIRLAudioDecoder.m */ = {isa = PBXFileReference; lastKnownFileType = sourcecode.c.objc; path = TVUIRLAudioDecoder.m; sourceTree = "<group>"; };
		2C8D950A2FA07B660037014A /* TVUIRLTransport.h */ = {isa = PBXFileReference; lastKnownFileType = sourcecode.c.h; path = TVUIRLTransport.h; sourceTree = "<group>"; };
		2C8D950B2FA07B6F0037014A /* TVUIRLNetworkTransport.h */ = {isa = PBXFileReference; lastKnownFileType = sourcecode.c.h; path = TVUIRLNetworkTransport.h; sourceTree = "<group>"; };
		2C8D950C2FA07B8A0037014A /* TVUIRLNetworkTransport.m */ = {isa = PBXFileReference; lastKnownFileType = sourcecode.c.objc; path = TVUIRLNetworkTransport.m; sourceTree = "<group>"; };
		2C8D950E2FA07B920037014A /* TVUIRLAsyncSocketTransport.h */ = {isa = PBXFileReference; lastKnownFileType = sourcecode.c.h; path = TVUIRLAsyncSocketTransport.h; sourceTree = "<group>"; };
		2C8D950F2FA07BA90037014A /* TVUIRLAsyncSocketTransport.m */ = {isa = PBXFileReference; lastKnownFileType = sourcecode.c.objc; path = TVUIRLAsyncSocketTransport.m; sourceTree = "<group>"; };
		2C8D95112FA07BB30037014A /* TVUIRLTransport.m */ = {isa = PBXFileReference; lastKnownFileType = sourcecode.c.objc; path = TVUIRLTransport.m; sourceTree = "<group>"; };
		2C8D95132FA07F930037014A /* RTMPIngestController.h */ = {isa = PBXFileReference; lastKnownFileType = sourcecode.c.h; path = RTMPIngestController.h; sourceTree = "<group>"; };
		2C8D95142FA07FBF0037014A /* RTMPIngestController.m */ = {isa = PBXFileReference; lastKnownFileType = sourcecode.c.objc; path = RTMPIngestController.m; sourceTree = "<group>"; };
		2C8D95172FA083EF0037014A /* ByteIO.swift */ = {isa = PBXFileReference; lastKnownFileType = sourcecode.swift; path = ByteIO.swift; sourceTree = "<group>"; };
		2C8D95182FA083EF0037014A /* DjiCrc.swift */ = {isa = PBXFileReference; lastKnownFileType = sourcecode.swift; path = DjiCrc.swift; sourceTree = "<group>"; };
		2C8D95192FA083EF0037014A /* DjiLogger.swift */ = {isa = PBXFileReference; lastKnownFileType = sourcecode.swift; path = DjiLogger.swift; sourceTree = "<group>"; };
		2C8D951A2FA083EF0037014A /* DjiSettings.swift */ = {isa = PBXFileReference; lastKnownFileType = sourcecode.swift; path = DjiSettings.swift; sourceTree = "<group>"; };
		2C8D951B2FA083EF0037014A /* SimpleTimer.swift */ = {isa = PBXFileReference; lastKnownFileType = sourcecode.swift; path = SimpleTimer.swift; sourceTree = "<group>"; };
		2C8D951D2FA083EF0037014A /* DjiDevice.swift */ = {isa = PBXFileReference; lastKnownFileType = sourcecode.swift; path = DjiDevice.swift; sourceTree = "<group>"; };
		2C8D951E2FA083EF0037014A /* DjiDeviceMessage.swift */ = {isa = PBXFileReference; lastKnownFileType = sourcecode.swift; path = DjiDeviceMessage.swift; sourceTree = "<group>"; };
		2C8D951F2FA083EF0037014A /* DjiDeviceModel.swift */ = {isa = PBXFileReference; lastKnownFileType = sourcecode.swift; path = DjiDeviceModel.swift; sourceTree = "<group>"; };
		2C8D95202FA083EF0037014A /* DjiDeviceScanner.swift */ = {isa = PBXFileReference; lastKnownFileType = sourcecode.swift; path = DjiDeviceScanner.swift; sourceTree = "<group>"; };
		2C8D95212FA083EF0037014A /* DjiMessage.swift */ = {isa = PBXFileReference; lastKnownFileType = sourcecode.swift; path = DjiMessage.swift; sourceTree = "<group>"; };
		2C8D95222FA083EF0037014A /* DJIStreamController.swift */ = {isa = PBXFileReference; lastKnownFileType = sourcecode.swift; path = DJIStreamController.swift; sourceTree = "<group>"; };
		2C8D95422FA090BF0037014A /* TVUIRLPreviewController.h */ = {isa = PBXFileReference; lastKnownFileType = sourcecode.c.h; path = TVUIRLPreviewController.h; sourceTree = "<group>"; };
		2C8D95432FA090BF0037014A /* TVUIRLPreviewController.m */ = {isa = PBXFileReference; lastKnownFileType = sourcecode.c.objc; path = TVUIRLPreviewController.m; sourceTree = "<group>"; };
		2C8D95462FA090BF0037014A /* TVUIRLShaderProgram.h */ = {isa = PBXFileReference; lastKnownFileType = sourcecode.c.h; path = TVUIRLShaderProgram.h; sourceTree = "<group>"; };
		2C8D95472FA090BF0037014A /* TVUIRLShaderProgram.m */ = {isa = PBXFileReference; lastKnownFileType = sourcecode.c.objc; path = TVUIRLShaderProgram.m; sourceTree = "<group>"; };
		2C8D954A2FA090BF0037014A /* TVUIRLTextureCache.h */ = {isa = PBXFileReference; lastKnownFileType = sourcecode.c.h; path = TVUIRLTextureCache.h; sourceTree = "<group>"; };
		2C8D954B2FA090BF0037014A /* TVUIRLTextureCache.m */ = {isa = PBXFileReference; lastKnownFileType = sourcecode.c.objc; path = TVUIRLTextureCache.m; sourceTree = "<group>"; };
		2C8D95542FA095C70037014A /* ByteReader.swift */ = {isa = PBXFileReference; lastKnownFileType = sourcecode.swift; path = ByteReader.swift; sourceTree = "<group>"; };
		2C8D95562FA095CC0037014A /* ByteWriter.swift */ = {isa = PBXFileReference; lastKnownFileType = sourcecode.swift; path = ByteWriter.swift; sourceTree = "<group>"; };
		32D45325092FFCE21D500478 /* Pods-DJIStreamDemoTests.debug.xcconfig */ = {isa = PBXFileReference; includeInIndex = 1; lastKnownFileType = text.xcconfig; name = "Pods-DJIStreamDemoTests.debug.xcconfig"; path = "Target Support Files/Pods-DJIStreamDemoTests/Pods-DJIStreamDemoTests.debug.xcconfig"; sourceTree = "<group>"; };
		6BB6B34982B433D6E77DCB0E /* Pods-DJIStreamDemoTests.release.xcconfig */ = {isa = PBXFileReference; includeInIndex = 1; lastKnownFileType = text.xcconfig; name = "Pods-DJIStreamDemoTests.release.xcconfig"; path = "Target Support Files/Pods-DJIStreamDemoTests/Pods-DJIStreamDemoTests.release.xcconfig"; sourceTree = "<group>"; };
		7BBB5707B7BE8B4AB2C5BDAD /* Pods_DJIStreamDemo.framework */ = {isa = PBXFileReference; explicitFileType = wrapper.framework; includeInIndex = 0; path = Pods_DJIStreamDemo.framework; sourceTree = BUILT_PRODUCTS_DIR; };
		7F33A4A649575B598BB941A8 /* Pods-DJIStreamDemo.debug.xcconfig */ = {isa = PBXFileReference; includeInIndex = 1; lastKnownFileType = text.xcconfig; name = "Pods-DJIStreamDemo.debug.xcconfig"; path = "Target Support Files/Pods-DJIStreamDemo/Pods-DJIStreamDemo.debug.xcconfig"; sourceTree = "<group>"; };
		852FB89DADB48E72E0B75ED4 /* Pods-DJIStreamDemo-DJIStreamDemoUITests.debug.xcconfig */ = {isa = PBXFileReference; includeInIndex = 1; lastKnownFileType = text.xcconfig; name = "Pods-DJIStreamDemo-DJIStreamDemoUITests.debug.xcconfig"; path = "Target Support Files/Pods-DJIStreamDemo-DJIStreamDemoUITests/Pods-DJIStreamDemo-DJIStreamDemoUITests.debug.xcconfig"; sourceTree = "<group>"; };
		8A72C08608C59BBF286C162A /* Pods_DJIStreamDemo_DJIStreamDemoUITests.framework */ = {isa = PBXFileReference; explicitFileType = wrapper.framework; includeInIndex = 0; path = Pods_DJIStreamDemo_DJIStreamDemoUITests.framework; sourceTree = BUILT_PRODUCTS_DIR; };
		A1C3CA46F5DB5217E658BC3E /* Pods_DJIStreamDemoTests.framework */ = {isa = PBXFileReference; explicitFileType = wrapper.framework; includeInIndex = 0; path = Pods_DJIStreamDemoTests.framework; sourceTree = BUILT_PRODUCTS_DIR; };
		E109A146404C5E1E72442540 /* Pods-DJIStreamDemo-DJIStreamDemoUITests.release.xcconfig */ = {isa = PBXFileReference; includeInIndex = 1; lastKnownFileType = text.xcconfig; name = "Pods-DJIStreamDemo-DJIStreamDemoUITests.release.xcconfig"; path = "Target Support Files/Pods-DJIStreamDemo-DJIStreamDemoUITests/Pods-DJIStreamDemo-DJIStreamDemoUITests.release.xcconfig"; sourceTree = "<group>"; };
/* End PBXFileReference section */

/* Begin PBXFrameworksBuildPhase section */
		2C8D85BB2F9A20EA0037014A /* Frameworks */ = {
			isa = PBXFrameworksBuildPhase;
			buildActionMask = 2147483647;
			files = (
				D6D659F2DCC7E74783545036 /* Pods_DJIStreamDemo.framework in Frameworks */,
			);
			runOnlyForDeploymentPostprocessing = 0;
		};
		2C8D85D62F9A20EC0037014A /* Frameworks */ = {
			isa = PBXFrameworksBuildPhase;
			buildActionMask = 2147483647;
			files = (
				3223E841F5B4CA77814944C6 /* Pods_DJIStreamDemoTests.framework in Frameworks */,
			);
			runOnlyForDeploymentPostprocessing = 0;
		};
		2C8D85E02F9A20EC0037014A /* Frameworks */ = {
			isa = PBXFrameworksBuildPhase;
			buildActionMask = 2147483647;
			files = (
				AA8C4DEAAC03EA9D79DD8D11 /* Pods_DJIStreamDemo_DJIStreamDemoUITests.framework in Frameworks */,
			);
			runOnlyForDeploymentPostprocessing = 0;
		};
/* End PBXFrameworksBuildPhase section */

/* Begin PBXGroup section */
		1A5D57C362BEA95293EDA3A3 /* Pods */ = {
			isa = PBXGroup;
			children = (
				7F33A4A649575B598BB941A8 /* Pods-DJIStreamDemo.debug.xcconfig */,
				04EB06639A1E82FB0F5B6084 /* Pods-DJIStreamDemo.release.xcconfig */,
				852FB89DADB48E72E0B75ED4 /* Pods-DJIStreamDemo-DJIStreamDemoUITests.debug.xcconfig */,
				E109A146404C5E1E72442540 /* Pods-DJIStreamDemo-DJIStreamDemoUITests.release.xcconfig */,
				32D45325092FFCE21D500478 /* Pods-DJIStreamDemoTests.debug.xcconfig */,
				6BB6B34982B433D6E77DCB0E /* Pods-DJIStreamDemoTests.release.xcconfig */,
			);
			path = Pods;
			sourceTree = "<group>";
		};
		2C8D85B52F9A20EA0037014A = {
			isa = PBXGroup;
			children = (
				2C8D86042F9A21C30037014A /* DJIStreamDemo */,
				2C8D860E2F9A21C90037014A /* DJIStreamDemoTests */,
				2C8D86122F9A21CC0037014A /* DJIStreamDemoUITests */,
				2C8D85BF2F9A20EA0037014A /* Products */,
				1A5D57C362BEA95293EDA3A3 /* Pods */,
				FC98268F113A8C156777CF9E /* Frameworks */,
			);
			sourceTree = "<group>";
		};
		2C8D85BF2F9A20EA0037014A /* Products */ = {
			isa = PBXGroup;
			children = (
				2C8D85BE2F9A20EA0037014A /* DJIStreamDemo.app */,
				2C8D85D92F9A20EC0037014A /* DJIStreamDemoTests.xctest */,
				2C8D85E32F9A20EC0037014A /* DJIStreamDemoUITests.xctest */,
			);
			name = Products;
			sourceTree = "<group>";
		};
		2C8D86042F9A21C30037014A /* DJIStreamDemo */ = {
			isa = PBXGroup;
			children = (
				2C8D954C2FA090BF0037014A /* IngestObjc */,
				2C8D95232FA083EF0037014A /* DJI */,
				2C8D94B82F9F545F0037014A /* DJIObjc */,
				2C8D85F72F9A21C30037014A /* AppDelegate.h */,
				2C8D85F82F9A21C30037014A /* AppDelegate.m */,
				2C8D85F92F9A21C30037014A /* Assets.xcassets */,
				2C8D85FA2F9A21C30037014A /* Info.plist */,
				2C8D85FC2F9A21C30037014A /* LaunchScreen.storyboard */,
				2C8D85FD2F9A21C30037014A /* main.m */,
				2C8D85FF2F9A21C30037014A /* Main.storyboard */,
				2C8D86002F9A21C30037014A /* SceneDelegate.h */,
				2C8D86012F9A21C30037014A /* SceneDelegate.m */,
				2C8D86022F9A21C30037014A /* ViewController.h */,
				2C8D86032F9A21C30037014A /* ViewController.m */,
				2C8D8D032F9A2AF50037014A /* Ingest */,
				2C8D94C32FA05E380037014A /* RTMPServerObjc */,
			);
			path = DJIStreamDemo;
			sourceTree = "<group>";
		};
		2C8D860E2F9A21C90037014A /* DJIStreamDemoTests */ = {
			isa = PBXGroup;
			children = (
				2C8D860D2F9A21C90037014A /* DJIStreamDemoTests.m */,
			);
			path = DJIStreamDemoTests;
			sourceTree = "<group>";
		};
		2C8D86122F9A21CC0037014A /* DJIStreamDemoUITests */ = {
			isa = PBXGroup;
			children = (
				2C8D86102F9A21CC0037014A /* DJIStreamDemoUITests.m */,
				2C8D86112F9A21CC0037014A /* DJIStreamDemoUITestsLaunchTests.m */,
			);
			path = DJIStreamDemoUITests;
			sourceTree = "<group>";
		};
		2C8D8D032F9A2AF50037014A /* Ingest */ = {
			isa = PBXGroup;
			children = (
				2C8D8D552F9A2D120037014A /* HaishinKit */,
				2C8D8D592F9A2D120037014A /* RtmpServer */,
				2C8D95132FA07F930037014A /* RTMPIngestController.h */,
				2C8D95142FA07FBF0037014A /* RTMPIngestController.m */,
			);
			path = Ingest;
			sourceTree = "<group>";
		};
		2C8D8D072F9A2D120037014A /* Extension */ = {
			isa = PBXGroup;
			children = (
			);
			path = Extension;
			sourceTree = "<group>";
		};
		2C8D8D092F9A2D120037014A /* Flv */ = {
			isa = PBXGroup;
			children = (
			);
			path = Flv;
			sourceTree = "<group>";
		};
		2C8D8D0D2F9A2D120037014A /* Audio */ = {
			isa = PBXGroup;
			children = (
			);
			path = Audio;
			sourceTree = "<group>";
		};
		2C8D8D122F9A2D120037014A /* Video */ = {
			isa = PBXGroup;
			children = (
				2C8D8D102F9A2D120037014A /* Shader.metal */,
			);
			path = Video;
			sourceTree = "<group>";
		};
		2C8D8D192F9A2D120037014A /* Media */ = {
			isa = PBXGroup;
			children = (
				2C8D8D0D2F9A2D120037014A /* Audio */,
				2C8D8D122F9A2D120037014A /* Video */,
			);
			path = Media;
			sourceTree = "<group>";
		};
		2C8D8D1F2F9A2D120037014A /* Avc */ = {
			isa = PBXGroup;
			children = (
			);
			path = Avc;
			sourceTree = "<group>";
		};
		2C8D8D262F9A2D120037014A /* Hevc */ = {
			isa = PBXGroup;
			children = (
			);
			path = Hevc;
			sourceTree = "<group>";
		};
		2C8D8D2E2F9A2D120037014A /* Mpeg */ = {
			isa = PBXGroup;
			children = (
				2C8D8D1F2F9A2D120037014A /* Avc */,
				2C8D8D262F9A2D120037014A /* Hevc */,
			);
			path = Mpeg;
			sourceTree = "<group>";
		};
		2C8D8D302F9A2D120037014A /* Rist */ = {
			isa = PBXGroup;
			children = (
			);
			path = Rist;
			sourceTree = "<group>";
		};
		2C8D8D322F9A2D120037014A /* Amf */ = {
			isa = PBXGroup;
			children = (
			);
			path = Amf;
			sourceTree = "<group>";
		};
		2C8D8D3F2F9A2D120037014A /* Message */ = {
			isa = PBXGroup;
			children = (
			);
			path = Message;
			sourceTree = "<group>";
		};
		2C8D8D462F9A2D120037014A /* Rtmp */ = {
			isa = PBXGroup;
			children = (
				2C8D8D322F9A2D120037014A /* Amf */,
				2C8D8D3F2F9A2D120037014A /* Message */,
			);
			path = Rtmp;
			sourceTree = "<group>";
		};
		2C8D8D4C2F9A2D120037014A /* Srt */ = {
			isa = PBXGroup;
			children = (
			);
			path = Srt;
			sourceTree = "<group>";
		};
		2C8D8D502F9A2D120037014A /* Util */ = {
			isa = PBXGroup;
			children = (
			);
			path = Util;
			sourceTree = "<group>";
		};
		2C8D8D552F9A2D120037014A /* HaishinKit */ = {
			isa = PBXGroup;
			children = (
				DA0DA0021C0001A001A00001 /* Codec */,
				2C8D8D072F9A2D120037014A /* Extension */,
				2C8D8D092F9A2D120037014A /* Flv */,
				2C8D8D192F9A2D120037014A /* Media */,
				2C8D8D2E2F9A2D120037014A /* Mpeg */,
				2C8D8D302F9A2D120037014A /* Rist */,
				2C8D8D462F9A2D120037014A /* Rtmp */,
				2C8D8D4C2F9A2D120037014A /* Srt */,
				2C8D8D502F9A2D120037014A /* Util */,
			);
			path = HaishinKit;
			sourceTree = "<group>";
		};
		2C8D8D592F9A2D120037014A /* RtmpServer */ = {
			isa = PBXGroup;
			children = (
			);
			path = RtmpServer;
			sourceTree = "<group>";
		};
		2C8D94A92F9F545F0037014A /* Support */ = {
			isa = PBXGroup;
			children = (
				2C8D94A32F9F545F0037014A /* TVUIRLByteIO.h */,
				2C8D94A42F9F545F0037014A /* TVUIRLByteIO.m */,
				2C8D94A52F9F545F0037014A /* TVUIRLDJICrc.h */,
				2C8D94A62F9F545F0037014A /* TVUIRLDJICrc.m */,
				2C8D94A72F9F545F0037014A /* TVUIRLSimpleTimer.h */,
				2C8D94A82F9F545F0037014A /* TVUIRLSimpleTimer.m */,
			);
			path = Support;
			sourceTree = "<group>";
		};
		2C8D94B82F9F545F0037014A /* DJIObjc */ = {
			isa = PBXGroup;
			children = (
				2C8D94A92F9F545F0037014A /* Support */,
				2C8D94AA2F9F545F0037014A /* TVUIRLDJIDevice.h */,
				2C8D94AB2F9F545F0037014A /* TVUIRLDJIDevice.m */,
				2C8D94AC2F9F545F0037014A /* TVUIRLDJIDeviceMessage.h */,
				2C8D94AD2F9F545F0037014A /* TVUIRLDJIDeviceMessage.m */,
				2C8D94AE2F9F545F0037014A /* TVUIRLDJIDeviceModel.h */,
				2C8D94AF2F9F545F0037014A /* TVUIRLDJIDeviceModel.m */,
				2C8D94B02F9F545F0037014A /* TVUIRLDJIDeviceScanner.h */,
				2C8D94B12F9F545F0037014A /* TVUIRLDJIDeviceScanner.m */,
				2C8D94B22F9F545F0037014A /* TVUIRLDJIMessage.h */,
				2C8D94B32F9F545F0037014A /* TVUIRLDJIMessage.m */,
				2C8D94B42F9F545F0037014A /* TVUIRLDJIStreamManager.h */,
				2C8D94B52F9F545F0037014A /* TVUIRLDJIStreamManager.m */,
				2C8D94B62F9F545F0037014A /* TVUIRLDJITypes.h */,
				2C8D94B72F9F545F0037014A /* TVUIRLDJITypes.m */,
			);
			path = DJIObjc;
			sourceTree = "<group>";
		};
		2C8D94C32FA05E380037014A /* RTMPServerObjc */ = {
			isa = PBXGroup;
			children = (
				2C8D94C42FA05E440037014A /* TVUIRLDataReader.h */,
				2C8D94C52FA05E580037014A /* TVUIRLDataReader.m */,
				2C8D94C72FA05E620037014A /* TVUIRLDataWriter.h */,
				2C8D94C82FA05E6F0037014A /* TVUIRLDataWriter.m */,
				2C8D94CA2FA05E790037014A /* TVUIRLBandwidthMeter.h */,
				2C8D94CB2FA05E850037014A /* TVUIRLBandwidthMeter.m */,
				2C8D94CD2FA05E990037014A /* TVUIRLAmfValue.h */,
				2C8D94CE2FA05EAB0037014A /* TVUIRLAmfValue.m */,
				2C8D94D02FA05EB20037014A /* TVUIRLAmfEncoder.h */,
				2C8D94D12FA05EC50037014A /* TVUIRLAmfEncoder.m */,
				2C8D94D32FA05ED10037014A /* TVUIRLAmfDecoder.h */,
				2C8D94D42FA05EF50037014A /* TVUIRLAmfDecoder.m */,
				2C8D94D62FA05F370037014A /* TVUIRLProtocolMessage.h */,
				2C8D94D72FA05F3F0037014A /* TVUIRLProtocolMessage.m */,
				2C8D94D92FA05F440037014A /* TVUIRLAckMessage.h */,
				2C8D94DA2FA05F4C0037014A /* TVUIRLAckMessage.m */,
				2C8D94DC2FA05F530037014A /* TVUIRLWindowAckMessage.h */,
				2C8D94DD2FA05F5A0037014A /* TVUIRLWindowAckMessage.m */,
				2C8D94DF2FA05F5F0037014A /* TVUIRLFlowControl.h */,
				2C8D94E02FA05F650037014A /* TVUIRLFlowControl.m */,
				2C8D94E22FA05F6E0037014A /* TVUIRLBandwidthConfig.h */,
				2C8D94E32FA05F780037014A /* TVUIRLBandwidthConfig.m */,
				2C8D94E52FA05F850037014A /* TVUIRLCommandMessage.h */,
				2C8D94E62FA05F9B0037014A /* TVUIRLCommandMessage.m */,
				2C8D94E82FA05FC20037014A /* TVUIRLMediaPacket.h */,
				2C8D94E92FA05FD80037014A /* TVUIRLMediaPacket.m */,
				2C8D94EB2FA060060037014A /* TVUIRLVideoConfigAvc.h */,
				2C8D94EC2FA060130037014A /* TVUIRLVideoConfigAvc.m */,
				2C8D94EE2FA0601E0037014A /* TVUIRLVideoConfigHevc.h */,
				2C8D94EF2FA0602B0037014A /* TVUIRLVideoConfigHevc.m */,
				2C8D94F12FA0603B0037014A /* TVUIRLAudioConfig.h */,
				2C8D94F22FA0604B0037014A /* TVUIRLAudioConfig.m */,
				2C8D94F42FA060A40037014A /* TVUIRLStreamConfig.h */,
				2C8D94F52FA060B00037014A /* TVUIRLStreamConfig.m */,
				2C8D94F72FA060B90037014A /* TVUIRLMediaClock.h */,
				2C8D94F82FA060C40037014A /* TVUIRLMediaClock.m */,
				2C8D94FA2FA060DA0037014A /* TVUIRLHardwareDecoder.h */,
				2C8D94FB2FA060E20037014A /* TVUIRLAudioDecoder.h */,
				2C8D94FC2FA060F10037014A /* TVUIRLStreamingServer.h */,
				2C8D94FD2FA060FB0037014A /* TVUIRLStreamingServer+Internal.h */,
				2C8D94FE2FA061090037014A /* TVUIRLStreamConnection.h */,
				2C8D94FF2FA061150037014A /* TVUIRLMediaPipeline.h */,
				2C8D95002FA0613A0037014A /* TVUIRLStreamingServer.m */,
				2C8D95022FA062090037014A /* TVUIRLStreamConnection.m */,
				2C8D95042FA062880037014A /* TVUIRLMediaPipeline.m */,
				2C8D95062FA077D80037014A /* TVUIRLHardwareDecoder.m */,
				2C8D95082FA077F60037014A /* TVUIRLAudioDecoder.m */,
				2C8D950A2FA07B660037014A /* TVUIRLTransport.h */,
				2C8D950B2FA07B6F0037014A /* TVUIRLNetworkTransport.h */,
				2C8D950C2FA07B8A0037014A /* TVUIRLNetworkTransport.m */,
				2C8D950E2FA07B920037014A /* TVUIRLAsyncSocketTransport.h */,
				2C8D950F2FA07BA90037014A /* TVUIRLAsyncSocketTransport.m */,
				2C8D95112FA07BB30037014A /* TVUIRLTransport.m */,
			);
			path = RTMPServerObjc;
			sourceTree = "<group>";
		};
		2C8D951C2FA083EF0037014A /* Support */ = {
			isa = PBXGroup;
			children = (
				2C8D95172FA083EF0037014A /* ByteIO.swift */,
				2C8D95182FA083EF0037014A /* DjiCrc.swift */,
				2C8D95192FA083EF0037014A /* DjiLogger.swift */,
				2C8D951A2FA083EF0037014A /* DjiSettings.swift */,
				2C8D951B2FA083EF0037014A /* SimpleTimer.swift */,
				2C8D95542FA095C70037014A /* ByteReader.swift */,
				2C8D95562FA095CC0037014A /* ByteWriter.swift */,
			);
			path = Support;
			sourceTree = "<group>";
		};
		2C8D95232FA083EF0037014A /* DJI */ = {
			isa = PBXGroup;
			children = (
				2C8D951C2FA083EF0037014A /* Support */,
				2C8D951D2FA083EF0037014A /* DjiDevice.swift */,
				2C8D951E2FA083EF0037014A /* DjiDeviceMessage.swift */,
				2C8D951F2FA083EF0037014A /* DjiDeviceModel.swift */,
				2C8D95202FA083EF0037014A /* DjiDeviceScanner.swift */,
				2C8D95212FA083EF0037014A /* DjiMessage.swift */,
				2C8D95222FA083EF0037014A /* DJIStreamController.swift */,
			);
			path = DJI;
			sourceTree = "<group>";
		};
		2C8D954C2FA090BF0037014A /* IngestObjc */ = {
			isa = PBXGroup;
			children = (
				2C8D95422FA090BF0037014A /* TVUIRLPreviewController.h */,
				2C8D95432FA090BF0037014A /* TVUIRLPreviewController.m */,
				2C8D95462FA090BF0037014A /* TVUIRLShaderProgram.h */,
				2C8D95472FA090BF0037014A /* TVUIRLShaderProgram.m */,
				2C8D954A2FA090BF0037014A /* TVUIRLTextureCache.h */,
				2C8D954B2FA090BF0037014A /* TVUIRLTextureCache.m */,
			);
			path = IngestObjc;
			sourceTree = "<group>";
		};
		DA0DA0021C0001A001A00001 /* Codec */ = {
			isa = PBXGroup;
			children = (
			);
			path = Codec;
			sourceTree = "<group>";
		};
		FC98268F113A8C156777CF9E /* Frameworks */ = {
			isa = PBXGroup;
			children = (
				7BBB5707B7BE8B4AB2C5BDAD /* Pods_DJIStreamDemo.framework */,
				8A72C08608C59BBF286C162A /* Pods_DJIStreamDemo_DJIStreamDemoUITests.framework */,
				A1C3CA46F5DB5217E658BC3E /* Pods_DJIStreamDemoTests.framework */,
			);
			name = Frameworks;
			sourceTree = "<group>";
		};
/* End PBXGroup section */

/* Begin PBXNativeTarget section */
		2C8D85BD2F9A20EA0037014A /* DJIStreamDemo */ = {
			isa = PBXNativeTarget;
			buildConfigurationList = 2C8D85EC2F9A20EC0037014A /* Build configuration list for PBXNativeTarget "DJIStreamDemo" */;
			buildPhases = (
				9BD6FB28AE7C44B24526D4BF /* [CP] Check Pods Manifest.lock */,
				2C8D85BA2F9A20EA0037014A /* Sources */,
				2C8D85BB2F9A20EA0037014A /* Frameworks */,
				2C8D85BC2F9A20EA0037014A /* Resources */,
				FA2D84FD4D983F492189F6B5 /* [CP] Embed Pods Frameworks */,
			);
			buildRules = (
			);
			dependencies = (
			);
			name = DJIStreamDemo;
			productName = DJIStreamDemo;
			productReference = 2C8D85BE2F9A20EA0037014A /* DJIStreamDemo.app */;
			productType = "com.apple.product-type.application";
		};
		2C8D85D82F9A20EC0037014A /* DJIStreamDemoTests */ = {
			isa = PBXNativeTarget;
			buildConfigurationList = 2C8D85F12F9A20EC0037014A /* Build configuration list for PBXNativeTarget "DJIStreamDemoTests" */;
			buildPhases = (
				38E18FD82C1DD33D7DE8627E /* [CP] Check Pods Manifest.lock */,
				2C8D85D52F9A20EC0037014A /* Sources */,
				2C8D85D62F9A20EC0037014A /* Frameworks */,
				2C8D85D72F9A20EC0037014A /* Resources */,
			);
			buildRules = (
			);
			dependencies = (
				2C8D85DB2F9A20EC0037014A /* PBXTargetDependency */,
			);
			name = DJIStreamDemoTests;
			productName = DJIStreamDemoTests;
			productReference = 2C8D85D92F9A20EC0037014A /* DJIStreamDemoTests.xctest */;
			productType = "com.apple.product-type.bundle.unit-test";
		};
		2C8D85E22F9A20EC0037014A /* DJIStreamDemoUITests */ = {
			isa = PBXNativeTarget;
			buildConfigurationList = 2C8D85F42F9A20EC0037014A /* Build configuration list for PBXNativeTarget "DJIStreamDemoUITests" */;
			buildPhases = (
				32EE298CDC7E2297679C2155 /* [CP] Check Pods Manifest.lock */,
				2C8D85DF2F9A20EC0037014A /* Sources */,
				2C8D85E02F9A20EC0037014A /* Frameworks */,
				2C8D85E12F9A20EC0037014A /* Resources */,
				C682F16233780EE0BA06CD6C /* [CP] Embed Pods Frameworks */,
			);
			buildRules = (
			);
			dependencies = (
				2C8D85E52F9A20EC0037014A /* PBXTargetDependency */,
			);
			name = DJIStreamDemoUITests;
			productName = DJIStreamDemoUITests;
			productReference = 2C8D85E32F9A20EC0037014A /* DJIStreamDemoUITests.xctest */;
			productType = "com.apple.product-type.bundle.ui-testing";
		};
/* End PBXNativeTarget section */

/* Begin PBXProject section */
		2C8D85B62F9A20EA0037014A /* Project object */ = {
			isa = PBXProject;
			attributes = {
				BuildIndependentTargetsInParallel = 1;
				LastUpgradeCheck = 2630;
				TargetAttributes = {
					2C8D85BD2F9A20EA0037014A = {
						CreatedOnToolsVersion = 26.3;
					};
					2C8D85D82F9A20EC0037014A = {
						CreatedOnToolsVersion = 26.3;
						TestTargetID = 2C8D85BD2F9A20EA0037014A;
					};
					2C8D85E22F9A20EC0037014A = {
						CreatedOnToolsVersion = 26.3;
						TestTargetID = 2C8D85BD2F9A20EA0037014A;
					};
				};
			};
			buildConfigurationList = 2C8D85B92F9A20EA0037014A /* Build configuration list for PBXProject "DJIStreamDemo" */;
			developmentRegion = en;
			hasScannedForEncodings = 0;
			knownRegions = (
				en,
				Base,
			);
			mainGroup = 2C8D85B52F9A20EA0037014A;
			minimizedProjectReferenceProxies = 1;
			preferredProjectObjectVersion = 77;
			productRefGroup = 2C8D85BF2F9A20EA0037014A /* Products */;
			projectDirPath = "";
			projectRoot = "";
			targets = (
				2C8D85BD2F9A20EA0037014A /* DJIStreamDemo */,
				2C8D85D82F9A20EC0037014A /* DJIStreamDemoTests */,
				2C8D85E22F9A20EC0037014A /* DJIStreamDemoUITests */,
			);
		};
/* End PBXProject section */

/* Begin PBXResourcesBuildPhase section */
		2C8D85BC2F9A20EA0037014A /* Resources */ = {
			isa = PBXResourcesBuildPhase;
			buildActionMask = 2147483647;
			files = (
				2C8D86092F9A21C30037014A /* Assets.xcassets in Resources */,
				2C8D860B2F9A21C30037014A /* LaunchScreen.storyboard in Resources */,
				2C8D860C2F9A21C30037014A /* Main.storyboard in Resources */,
			);
			runOnlyForDeploymentPostprocessing = 0;
		};
		2C8D85D72F9A20EC0037014A /* Resources */ = {
			isa = PBXResourcesBuildPhase;
			buildActionMask = 2147483647;
			files = (
			);
			runOnlyForDeploymentPostprocessing = 0;
		};
		2C8D85E12F9A20EC0037014A /* Resources */ = {
			isa = PBXResourcesBuildPhase;
			buildActionMask = 2147483647;
			files = (
			);
			runOnlyForDeploymentPostprocessing = 0;
		};
/* End PBXResourcesBuildPhase section */

/* Begin PBXShellScriptBuildPhase section */
		32EE298CDC7E2297679C2155 /* [CP] Check Pods Manifest.lock */ = {
			isa = PBXShellScriptBuildPhase;
			buildActionMask = 2147483647;
			files = (
			);
			inputFileListPaths = (
			);
			inputPaths = (
				"${PODS_PODFILE_DIR_PATH}/Podfile.lock",
				"${PODS_ROOT}/Manifest.lock",
			);
			name = "[CP] Check Pods Manifest.lock";
			outputFileListPaths = (
			);
			outputPaths = (
				"$(DERIVED_FILE_DIR)/Pods-DJIStreamDemo-DJIStreamDemoUITests-checkManifestLockResult.txt",
			);
			runOnlyForDeploymentPostprocessing = 0;
			shellPath = /bin/sh;
			shellScript = "diff \"${PODS_PODFILE_DIR_PATH}/Podfile.lock\" \"${PODS_ROOT}/Manifest.lock\" > /dev/null\nif [ $? != 0 ] ; then\n    # print error to STDERR\n    echo \"error: The sandbox is not in sync with the Podfile.lock. Run 'pod install' or update your CocoaPods installation.\" >&2\n    exit 1\nfi\n# This output is used by Xcode 'outputs' to avoid re-running this script phase.\necho \"SUCCESS\" > \"${SCRIPT_OUTPUT_FILE_0}\"\n";
			showEnvVarsInLog = 0;
		};
		38E18FD82C1DD33D7DE8627E /* [CP] Check Pods Manifest.lock */ = {
			isa = PBXShellScriptBuildPhase;
			buildActionMask = 2147483647;
			files = (
			);
			inputFileListPaths = (
			);
			inputPaths = (
				"${PODS_PODFILE_DIR_PATH}/Podfile.lock",
				"${PODS_ROOT}/Manifest.lock",
			);
			name = "[CP] Check Pods Manifest.lock";
			outputFileListPaths = (
			);
			outputPaths = (
				"$(DERIVED_FILE_DIR)/Pods-DJIStreamDemoTests-checkManifestLockResult.txt",
			);
			runOnlyForDeploymentPostprocessing = 0;
			shellPath = /bin/sh;
			shellScript = "diff \"${PODS_PODFILE_DIR_PATH}/Podfile.lock\" \"${PODS_ROOT}/Manifest.lock\" > /dev/null\nif [ $? != 0 ] ; then\n    # print error to STDERR\n    echo \"error: The sandbox is not in sync with the Podfile.lock. Run 'pod install' or update your CocoaPods installation.\" >&2\n    exit 1\nfi\n# This output is used by Xcode 'outputs' to avoid re-running this script phase.\necho \"SUCCESS\" > \"${SCRIPT_OUTPUT_FILE_0}\"\n";
			showEnvVarsInLog = 0;
		};
		9BD6FB28AE7C44B24526D4BF /* [CP] Check Pods Manifest.lock */ = {
			isa = PBXShellScriptBuildPhase;
			buildActionMask = 2147483647;
			files = (
			);
			inputFileListPaths = (
			);
			inputPaths = (
				"${PODS_PODFILE_DIR_PATH}/Podfile.lock",
				"${PODS_ROOT}/Manifest.lock",
			);
			name = "[CP] Check Pods Manifest.lock";
			outputFileListPaths = (
			);
			outputPaths = (
				"$(DERIVED_FILE_DIR)/Pods-DJIStreamDemo-checkManifestLockResult.txt",
			);
			runOnlyForDeploymentPostprocessing = 0;
			shellPath = /bin/sh;
			shellScript = "diff \"${PODS_PODFILE_DIR_PATH}/Podfile.lock\" \"${PODS_ROOT}/Manifest.lock\" > /dev/null\nif [ $? != 0 ] ; then\n    # print error to STDERR\n    echo \"error: The sandbox is not in sync with the Podfile.lock. Run 'pod install' or update your CocoaPods installation.\" >&2\n    exit 1\nfi\n# This output is used by Xcode 'outputs' to avoid re-running this script phase.\necho \"SUCCESS\" > \"${SCRIPT_OUTPUT_FILE_0}\"\n";
			showEnvVarsInLog = 0;
		};
		C682F16233780EE0BA06CD6C /* [CP] Embed Pods Frameworks */ = {
			isa = PBXShellScriptBuildPhase;
			buildActionMask = 2147483647;
			files = (
			);
			inputFileListPaths = (
				"${PODS_ROOT}/Target Support Files/Pods-DJIStreamDemo-DJIStreamDemoUITests/Pods-DJIStreamDemo-DJIStreamDemoUITests-frameworks-${CONFIGURATION}-input-files.xcfilelist",
			);
			inputPaths = (
			);
			name = "[CP] Embed Pods Frameworks";
			outputFileListPaths = (
				"${PODS_ROOT}/Target Support Files/Pods-DJIStreamDemo-DJIStreamDemoUITests/Pods-DJIStreamDemo-DJIStreamDemoUITests-frameworks-${CONFIGURATION}-output-files.xcfilelist",
			);
			outputPaths = (
			);
			runOnlyForDeploymentPostprocessing = 0;
			shellPath = /bin/sh;
			shellScript = "\"${PODS_ROOT}/Target Support Files/Pods-DJIStreamDemo-DJIStreamDemoUITests/Pods-DJIStreamDemo-DJIStreamDemoUITests-frameworks.sh\"\n";
			showEnvVarsInLog = 0;
		};
		FA2D84FD4D983F492189F6B5 /* [CP] Embed Pods Frameworks */ = {
			isa = PBXShellScriptBuildPhase;
			buildActionMask = 2147483647;
			files = (
			);
			inputFileListPaths = (
				"${PODS_ROOT}/Target Support Files/Pods-DJIStreamDemo/Pods-DJIStreamDemo-frameworks-${CONFIGURATION}-input-files.xcfilelist",
			);
			inputPaths = (
			);
			name = "[CP] Embed Pods Frameworks";
			outputFileListPaths = (
				"${PODS_ROOT}/Target Support Files/Pods-DJIStreamDemo/Pods-DJIStreamDemo-frameworks-${CONFIGURATION}-output-files.xcfilelist",
			);
			outputPaths = (
			);
			runOnlyForDeploymentPostprocessing = 0;
			shellPath = /bin/sh;
			shellScript = "\"${PODS_ROOT}/Target Support Files/Pods-DJIStreamDemo/Pods-DJIStreamDemo-frameworks.sh\"\n";
			showEnvVarsInLog = 0;
		};
/* End PBXShellScriptBuildPhase section */

/* Begin PBXSourcesBuildPhase section */
		2C8D85BA2F9A20EA0037014A /* Sources */ = {
			isa = PBXSourcesBuildPhase;
			buildActionMask = 2147483647;
			files = (
				2C8D86052F9A21C30037014A /* AppDelegate.m in Sources */,
				2C8D95012FA0613A0037014A /* TVUIRLStreamingServer.m in Sources */,
				2C8D86062F9A21C30037014A /* main.m in Sources */,
				2C8D86072F9A21C30037014A /* SceneDelegate.m in Sources */,
				2C8D86082F9A21C30037014A /* ViewController.m in Sources */,
				2C8D94C62FA05E580037014A /* TVUIRLDataReader.m in Sources */,
				2C8D95552FA095C70037014A /* ByteReader.swift in Sources */,
				2C8D95122FA07BB30037014A /* TVUIRLTransport.m in Sources */,
				2C8D94DB2FA05F4C0037014A /* TVUIRLAckMessage.m in Sources */,
				2C8D950D2FA07B8A0037014A /* TVUIRLNetworkTransport.m in Sources */,
				2C8D95152FA07FBF0037014A /* RTMPIngestController.m in Sources */,
				2C8D95092FA077F60037014A /* TVUIRLAudioDecoder.m in Sources */,
				2C8D94E72FA05F9B0037014A /* TVUIRLCommandMessage.m in Sources */,
				2C8D95242FA083EF0037014A /* ByteIO.swift in Sources */,
				2C8D95252FA083EF0037014A /* DjiCrc.swift in Sources */,
				2C8D95262FA083EF0037014A /* DjiSettings.swift in Sources */,
				2C8D95272FA083EF0037014A /* SimpleTimer.swift in Sources */,
				2C8D95282FA083EF0037014A /* DjiDeviceMessage.swift in Sources */,
				2C8D95292FA083EF0037014A /* DjiDeviceModel.swift in Sources */,
				2C8D952A2FA083EF0037014A /* DjiDeviceScanner.swift in Sources */,
				2C8D952B2FA083EF0037014A /* DJIStreamController.swift in Sources */,
				2C8D95572FA095CC0037014A /* ByteWriter.swift in Sources */,
				2C8D954F2FA090BF0037014A /* TVUIRLShaderProgram.m in Sources */,
				2C8D95512FA090BF0037014A /* TVUIRLTextureCache.m in Sources */,
				2C8D95532FA090BF0037014A /* TVUIRLPreviewController.m in Sources */,
				2C8D952C2FA083EF0037014A /* DjiDevice.swift in Sources */,
				2C8D952D2FA083EF0037014A /* DjiLogger.swift in Sources */,
				2C8D952E2FA083EF0037014A /* DjiMessage.swift in Sources */,
				2C8D94D82FA05F3F0037014A /* TVUIRLProtocolMessage.m in Sources */,
				2C8D94F92FA060C40037014A /* TVUIRLMediaClock.m in Sources */,
				2C8D94B92F9F545F0037014A /* TVUIRLDJIDeviceMessage.m in Sources */,
				2C8D94BA2F9F545F0037014A /* TVUIRLDJITypes.m in Sources */,
				2C8D94BB2F9F545F0037014A /* TVUIRLDJIMessage.m in Sources */,
				2C8D94BC2F9F545F0037014A /* TVUIRLDJIStreamManager.m in Sources */,
				2C8D95052FA062880037014A /* TVUIRLMediaPipeline.m in Sources */,
				2C8D94BD2F9F545F0037014A /* TVUIRLDJIDevice.m in Sources */,
				2C8D94BE2F9F545F0037014A /* TVUIRLDJICrc.m in Sources */,
				2C8D94F32FA0604B0037014A /* TVUIRLAudioConfig.m in Sources */,
				2C8D94BF2F9F545F0037014A /* TVUIRLByteIO.m in Sources */,
				2C8D94C02F9F545F0037014A /* TVUIRLDJIDeviceModel.m in Sources */,
				2C8D94C12F9F545F0037014A /* TVUIRLDJIDeviceScanner.m in Sources */,
				2C8D94C22F9F545F0037014A /* TVUIRLSimpleTimer.m in Sources */,
				2C8D94E12FA05F650037014A /* TVUIRLFlowControl.m in Sources */,
				2C8D94ED2FA060130037014A /* TVUIRLVideoConfigAvc.m in Sources */,
				2C8D94CF2FA05EAB0037014A /* TVUIRLAmfValue.m in Sources */,
				2C8D95032FA062090037014A /* TVUIRLStreamConnection.m in Sources */,
				2C8D94EA2FA05FD80037014A /* TVUIRLMediaPacket.m in Sources */,
				2C8D94CC2FA05E850037014A /* TVUIRLBandwidthMeter.m in Sources */,
				2C8D94F62FA060B00037014A /* TVUIRLStreamConfig.m in Sources */,
				2C8D94DE2FA05F5A0037014A /* TVUIRLWindowAckMessage.m in Sources */,
				2C8D94F02FA0602B0037014A /* TVUIRLVideoConfigHevc.m in Sources */,
				2C8D94D52FA05EF50037014A /* TVUIRLAmfDecoder.m in Sources */,
				2C8D94E42FA05F780037014A /* TVUIRLBandwidthConfig.m in Sources */,
				2C8D95072FA077D80037014A /* TVUIRLHardwareDecoder.m in Sources */,
				2C8D94C92FA05E6F0037014A /* TVUIRLDataWriter.m in Sources */,
				2C8D95102FA07BA90037014A /* TVUIRLAsyncSocketTransport.m in Sources */,
				2C8D94D22FA05EC50037014A /* TVUIRLAmfEncoder.m in Sources */,
			);
			runOnlyForDeploymentPostprocessing = 0;
		};
		2C8D85D52F9A20EC0037014A /* Sources */ = {
			isa = PBXSourcesBuildPhase;
			buildActionMask = 2147483647;
			files = (
				2C8D860F2F9A21C90037014A /* DJIStreamDemoTests.m in Sources */,
			);
			runOnlyForDeploymentPostprocessing = 0;
		};
		2C8D85DF2F9A20EC0037014A /* Sources */ = {
			isa = PBXSourcesBuildPhase;
			buildActionMask = 2147483647;
			files = (
				2C8D86132F9A21CC0037014A /* DJIStreamDemoUITests.m in Sources */,
				2C8D86142F9A21CC0037014A /* DJIStreamDemoUITestsLaunchTests.m in Sources */,
			);
			runOnlyForDeploymentPostprocessing = 0;
		};
/* End PBXSourcesBuildPhase section */

/* Begin PBXTargetDependency section */
		2C8D85DB2F9A20EC0037014A /* PBXTargetDependency */ = {
			isa = PBXTargetDependency;
			target = 2C8D85BD2F9A20EA0037014A /* DJIStreamDemo */;
			targetProxy = 2C8D85DA2F9A20EC0037014A /* PBXContainerItemProxy */;
		};
		2C8D85E52F9A20EC0037014A /* PBXTargetDependency */ = {
			isa = PBXTargetDependency;
			target = 2C8D85BD2F9A20EA0037014A /* DJIStreamDemo */;
			targetProxy = 2C8D85E42F9A20EC0037014A /* PBXContainerItemProxy */;
		};
/* End PBXTargetDependency section */

/* Begin PBXVariantGroup section */
		2C8D85FC2F9A21C30037014A /* LaunchScreen.storyboard */ = {
			isa = PBXVariantGroup;
			children = (
				2C8D85FB2F9A21C30037014A /* Base */,
			);
			name = LaunchScreen.storyboard;
			sourceTree = "<group>";
		};
		2C8D85FF2F9A21C30037014A /* Main.storyboard */ = {
			isa = PBXVariantGroup;
			children = (
				2C8D85FE2F9A21C30037014A /* Base */,
			);
			name = Main.storyboard;
			sourceTree = "<group>";
		};
/* End PBXVariantGroup section */

/* Begin XCBuildConfiguration section */
		2C8D85ED2F9A20EC0037014A /* Debug */ = {
			isa = XCBuildConfiguration;
			baseConfigurationReference = 7F33A4A649575B598BB941A8 /* Pods-DJIStreamDemo.debug.xcconfig */;
			buildSettings = {
				ASSETCATALOG_COMPILER_APPICON_NAME = AppIcon;
				ASSETCATALOG_COMPILER_GLOBAL_ACCENT_COLOR_NAME = AccentColor;
				CLANG_ENABLE_MODULES = YES;
				CODE_SIGN_IDENTITY = "Apple Development";
				CODE_SIGN_STYLE = Automatic;
				CURRENT_PROJECT_VERSION = 1;
				DEVELOPMENT_TEAM = YDEVQQ22JR;
				ENABLE_USER_SCRIPT_SANDBOXING = NO;
				GENERATE_INFOPLIST_FILE = YES;
				INFOPLIST_FILE = DJIStreamDemo/Info.plist;
				INFOPLIST_KEY_NSBluetoothAlwaysUsageDescription = "Used to connect to DJI Osmo Action cameras over BLE.";
				INFOPLIST_KEY_UIApplicationSupportsIndirectInputEvents = YES;
				INFOPLIST_KEY_UIBackgroundModes = "bluetooth-central";
				INFOPLIST_KEY_UILaunchStoryboardName = LaunchScreen;
				INFOPLIST_KEY_UIMainStoryboardFile = Main;
				INFOPLIST_KEY_UISupportedInterfaceOrientations_iPad = "UIInterfaceOrientationPortrait UIInterfaceOrientationPortraitUpsideDown UIInterfaceOrientationLandscapeLeft UIInterfaceOrientationLandscapeRight";
				INFOPLIST_KEY_UISupportedInterfaceOrientations_iPhone = "UIInterfaceOrientationPortrait UIInterfaceOrientationLandscapeLeft UIInterfaceOrientationLandscapeRight";
				IPHONEOS_DEPLOYMENT_TARGET = 16.0;
				LD_RUNPATH_SEARCH_PATHS = (
					"$(inherited)",
					"@executable_path/Frameworks",
				);
				MARKETING_VERSION = 1.0;
				PRODUCT_BUNDLE_IDENTIFIER = com.tvunetworks.TVUAnywhereLite;
				PRODUCT_NAME = "$(TARGET_NAME)";
				PROVISIONING_PROFILE_SPECIFIER = "";
				STRING_CATALOG_GENERATE_SYMBOLS = YES;
				SWIFT_EMIT_LOC_STRINGS = YES;
				SWIFT_OPTIMIZATION_LEVEL = "-Onone";
				SWIFT_VERSION = 5.0;
				TARGETED_DEVICE_FAMILY = "1,2";
			};
			name = Debug;
		};
		2C8D85EE2F9A20EC0037014A /* Release */ = {
			isa = XCBuildConfiguration;
			baseConfigurationReference = 04EB06639A1E82FB0F5B6084 /* Pods-DJIStreamDemo.release.xcconfig */;
			buildSettings = {
				ASSETCATALOG_COMPILER_APPICON_NAME = AppIcon;
				ASSETCATALOG_COMPILER_GLOBAL_ACCENT_COLOR_NAME = AccentColor;
				CLANG_ENABLE_MODULES = YES;
				CODE_SIGN_IDENTITY = "Apple Development";
				CODE_SIGN_STYLE = Automatic;
				CURRENT_PROJECT_VERSION = 1;
				DEVELOPMENT_TEAM = YDEVQQ22JR;
				ENABLE_USER_SCRIPT_SANDBOXING = NO;
				GENERATE_INFOPLIST_FILE = YES;
				INFOPLIST_FILE = DJIStreamDemo/Info.plist;
				INFOPLIST_KEY_NSBluetoothAlwaysUsageDescription = "Used to connect to DJI Osmo Action cameras over BLE.";
				INFOPLIST_KEY_UIApplicationSupportsIndirectInputEvents = YES;
				INFOPLIST_KEY_UIBackgroundModes = "bluetooth-central";
				INFOPLIST_KEY_UILaunchStoryboardName = LaunchScreen;
				INFOPLIST_KEY_UIMainStoryboardFile = Main;
				INFOPLIST_KEY_UISupportedInterfaceOrientations_iPad = "UIInterfaceOrientationPortrait UIInterfaceOrientationPortraitUpsideDown UIInterfaceOrientationLandscapeLeft UIInterfaceOrientationLandscapeRight";
				INFOPLIST_KEY_UISupportedInterfaceOrientations_iPhone = "UIInterfaceOrientationPortrait UIInterfaceOrientationLandscapeLeft UIInterfaceOrientationLandscapeRight";
				IPHONEOS_DEPLOYMENT_TARGET = 16.0;
				LD_RUNPATH_SEARCH_PATHS = (
					"$(inherited)",
					"@executable_path/Frameworks",
				);
				MARKETING_VERSION = 1.0;
				PRODUCT_BUNDLE_IDENTIFIER = com.tvunetworks.TVUAnywhereLite;
				PRODUCT_NAME = "$(TARGET_NAME)";
				PROVISIONING_PROFILE_SPECIFIER = "";
				STRING_CATALOG_GENERATE_SYMBOLS = YES;
				SWIFT_EMIT_LOC_STRINGS = YES;
				SWIFT_OPTIMIZATION_LEVEL = "-O";
				SWIFT_VERSION = 5.0;
				TARGETED_DEVICE_FAMILY = "1,2";
			};
			name = Release;
		};
		2C8D85EF2F9A20EC0037014A /* Debug */ = {
			isa = XCBuildConfiguration;
			buildSettings = {
				ALWAYS_SEARCH_USER_PATHS = NO;
				ASSETCATALOG_COMPILER_GENERATE_SWIFT_ASSET_SYMBOL_EXTENSIONS = YES;
				CLANG_ANALYZER_NONNULL = YES;
				CLANG_ANALYZER_NUMBER_OBJECT_CONVERSION = YES_AGGRESSIVE;
				CLANG_CXX_LANGUAGE_STANDARD = "gnu++20";
				CLANG_ENABLE_MODULES = YES;
				CLANG_ENABLE_OBJC_ARC = YES;
				CLANG_ENABLE_OBJC_WEAK = YES;
				CLANG_WARN_BLOCK_CAPTURE_AUTORELEASING = YES;
				CLANG_WARN_BOOL_CONVERSION = YES;
				CLANG_WARN_COMMA = YES;
				CLANG_WARN_CONSTANT_CONVERSION = YES;
				CLANG_WARN_DEPRECATED_OBJC_IMPLEMENTATIONS = YES;
				CLANG_WARN_DIRECT_OBJC_ISA_USAGE = YES_ERROR;
				CLANG_WARN_DOCUMENTATION_COMMENTS = YES;
				CLANG_WARN_EMPTY_BODY = YES;
				CLANG_WARN_ENUM_CONVERSION = YES;
				CLANG_WARN_INFINITE_RECURSION = YES;
				CLANG_WARN_INT_CONVERSION = YES;
				CLANG_WARN_NON_LITERAL_NULL_CONVERSION = YES;
				CLANG_WARN_OBJC_IMPLICIT_RETAIN_SELF = YES;
				CLANG_WARN_OBJC_LITERAL_CONVERSION = YES;
				CLANG_WARN_OBJC_ROOT_CLASS = YES_ERROR;
				CLANG_WARN_QUOTED_INCLUDE_IN_FRAMEWORK_HEADER = YES;
				CLANG_WARN_RANGE_LOOP_ANALYSIS = YES;
				CLANG_WARN_STRICT_PROTOTYPES = YES;
				CLANG_WARN_SUSPICIOUS_MOVE = YES;
				CLANG_WARN_UNGUARDED_AVAILABILITY = YES_AGGRESSIVE;
				CLANG_WARN_UNREACHABLE_CODE = YES;
				CLANG_WARN__DUPLICATE_METHOD_MATCH = YES;
				COPY_PHASE_STRIP = NO;
				DEBUG_INFORMATION_FORMAT = dwarf;
				ENABLE_STRICT_OBJC_MSGSEND = YES;
				ENABLE_TESTABILITY = YES;
				ENABLE_USER_SCRIPT_SANDBOXING = YES;
				GCC_C_LANGUAGE_STANDARD = gnu17;
				GCC_DYNAMIC_NO_PIC = NO;
				GCC_NO_COMMON_BLOCKS = YES;
				GCC_OPTIMIZATION_LEVEL = 0;
				GCC_PREPROCESSOR_DEFINITIONS = (
					"DEBUG=1",
					"$(inherited)",
				);
				GCC_WARN_64_TO_32_BIT_CONVERSION = YES;
				GCC_WARN_ABOUT_RETURN_TYPE = YES_ERROR;
				GCC_WARN_UNDECLARED_SELECTOR = YES;
				GCC_WARN_UNINITIALIZED_AUTOS = YES_AGGRESSIVE;
				GCC_WARN_UNUSED_FUNCTION = YES;
				GCC_WARN_UNUSED_VARIABLE = YES;
				IPHONEOS_DEPLOYMENT_TARGET = 26.2;
				LOCALIZATION_PREFERS_STRING_CATALOGS = YES;
				MTL_ENABLE_DEBUG_INFO = INCLUDE_SOURCE;
				MTL_FAST_MATH = YES;
				ONLY_ACTIVE_ARCH = YES;
				SDKROOT = iphoneos;
			};
			name = Debug;
		};
		2C8D85F02F9A20EC0037014A /* Release */ = {
			isa = XCBuildConfiguration;
			buildSettings = {
				ALWAYS_SEARCH_USER_PATHS = NO;
				ASSETCATALOG_COMPILER_GENERATE_SWIFT_ASSET_SYMBOL_EXTENSIONS = YES;
				CLANG_ANALYZER_NONNULL = YES;
				CLANG_ANALYZER_NUMBER_OBJECT_CONVERSION = YES_AGGRESSIVE;
				CLANG_CXX_LANGUAGE_STANDARD = "gnu++20";
				CLANG_ENABLE_MODULES = YES;
				CLANG_ENABLE_OBJC_ARC = YES;
				CLANG_ENABLE_OBJC_WEAK = YES;
				CLANG_WARN_BLOCK_CAPTURE_AUTORELEASING = YES;
				CLANG_WARN_BOOL_CONVERSION = YES;
				CLANG_WARN_COMMA = YES;
				CLANG_WARN_CONSTANT_CONVERSION = YES;
				CLANG_WARN_DEPRECATED_OBJC_IMPLEMENTATIONS = YES;
				CLANG_WARN_DIRECT_OBJC_ISA_USAGE = YES_ERROR;
				CLANG_WARN_DOCUMENTATION_COMMENTS = YES;
				CLANG_WARN_EMPTY_BODY = YES;
				CLANG_WARN_ENUM_CONVERSION = YES;
				CLANG_WARN_INFINITE_RECURSION = YES;
				CLANG_WARN_INT_CONVERSION = YES;
				CLANG_WARN_NON_LITERAL_NULL_CONVERSION = YES;
				CLANG_WARN_OBJC_IMPLICIT_RETAIN_SELF = YES;
				CLANG_WARN_OBJC_LITERAL_CONVERSION = YES;
				CLANG_WARN_OBJC_ROOT_CLASS = YES_ERROR;
				CLANG_WARN_QUOTED_INCLUDE_IN_FRAMEWORK_HEADER = YES;
				CLANG_WARN_RANGE_LOOP_ANALYSIS = YES;
				CLANG_WARN_STRICT_PROTOTYPES = YES;
				CLANG_WARN_SUSPICIOUS_MOVE = YES;
				CLANG_WARN_UNGUARDED_AVAILABILITY = YES_AGGRESSIVE;
				CLANG_WARN_UNREACHABLE_CODE = YES;
				CLANG_WARN__DUPLICATE_METHOD_MATCH = YES;
				COPY_PHASE_STRIP = NO;
				DEBUG_INFORMATION_FORMAT = "dwarf-with-dsym";
				ENABLE_NS_ASSERTIONS = NO;
				ENABLE_STRICT_OBJC_MSGSEND = YES;
				ENABLE_USER_SCRIPT_SANDBOXING = YES;
				GCC_C_LANGUAGE_STANDARD = gnu17;
				GCC_NO_COMMON_BLOCKS = YES;
				GCC_WARN_64_TO_32_BIT_CONVERSION = YES;
				GCC_WARN_ABOUT_RETURN_TYPE = YES_ERROR;
				GCC_WARN_UNDECLARED_SELECTOR = YES;
				GCC_WARN_UNINITIALIZED_AUTOS = YES_AGGRESSIVE;
				GCC_WARN_UNUSED_FUNCTION = YES;
				GCC_WARN_UNUSED_VARIABLE = YES;
				IPHONEOS_DEPLOYMENT_TARGET = 26.2;
				LOCALIZATION_PREFERS_STRING_CATALOGS = YES;
				MTL_ENABLE_DEBUG_INFO = NO;
				MTL_FAST_MATH = YES;
				SDKROOT = iphoneos;
				VALIDATE_PRODUCT = YES;
			};
			name = Release;
		};
		2C8D85F22F9A20EC0037014A /* Debug */ = {
			isa = XCBuildConfiguration;
			baseConfigurationReference = 32D45325092FFCE21D500478 /* Pods-DJIStreamDemoTests.debug.xcconfig */;
			buildSettings = {
				BUNDLE_LOADER = "$(TEST_HOST)";
				CODE_SIGN_STYLE = Automatic;
				CURRENT_PROJECT_VERSION = 1;
				GENERATE_INFOPLIST_FILE = YES;
				IPHONEOS_DEPLOYMENT_TARGET = 26.2;
				MARKETING_VERSION = 1.0;
				PRODUCT_BUNDLE_IDENTIFIER = com.tvunetowrks.DJIStreamDemoTests;
				PRODUCT_NAME = "$(TARGET_NAME)";
				STRING_CATALOG_GENERATE_SYMBOLS = NO;
				SWIFT_EMIT_LOC_STRINGS = NO;
				TARGETED_DEVICE_FAMILY = "1,2";
				TEST_HOST = "$(BUILT_PRODUCTS_DIR)/DJIStreamDemo.app/$(BUNDLE_EXECUTABLE_FOLDER_PATH)/DJIStreamDemo";
			};
			name = Debug;
		};
		2C8D85F32F9A20EC0037014A /* Release */ = {
			isa = XCBuildConfiguration;
			baseConfigurationReference = 6BB6B34982B433D6E77DCB0E /* Pods-DJIStreamDemoTests.release.xcconfig */;
			buildSettings = {
				BUNDLE_LOADER = "$(TEST_HOST)";
				CODE_SIGN_STYLE = Automatic;
				CURRENT_PROJECT_VERSION = 1;
				GENERATE_INFOPLIST_FILE = YES;
				IPHONEOS_DEPLOYMENT_TARGET = 26.2;
				MARKETING_VERSION = 1.0;
				PRODUCT_BUNDLE_IDENTIFIER = com.tvunetowrks.DJIStreamDemoTests;
				PRODUCT_NAME = "$(TARGET_NAME)";
				STRING_CATALOG_GENERATE_SYMBOLS = NO;
				SWIFT_EMIT_LOC_STRINGS = NO;
				TARGETED_DEVICE_FAMILY = "1,2";
				TEST_HOST = "$(BUILT_PRODUCTS_DIR)/DJIStreamDemo.app/$(BUNDLE_EXECUTABLE_FOLDER_PATH)/DJIStreamDemo";
			};
			name = Release;
		};
		2C8D85F52F9A20EC0037014A /* Debug */ = {
			isa = XCBuildConfiguration;
			baseConfigurationReference = 852FB89DADB48E72E0B75ED4 /* Pods-DJIStreamDemo-DJIStreamDemoUITests.debug.xcconfig */;
			buildSettings = {
				CODE_SIGN_STYLE = Automatic;
				CURRENT_PROJECT_VERSION = 1;
				GENERATE_INFOPLIST_FILE = YES;
				MARKETING_VERSION = 1.0;
				PRODUCT_BUNDLE_IDENTIFIER = com.tvunetowrks.DJIStreamDemoUITests;
				PRODUCT_NAME = "$(TARGET_NAME)";
				STRING_CATALOG_GENERATE_SYMBOLS = NO;
				SWIFT_EMIT_LOC_STRINGS = NO;
				TARGETED_DEVICE_FAMILY = "1,2";
				TEST_TARGET_NAME = DJIStreamDemo;
			};
			name = Debug;
		};
		2C8D85F62F9A20EC0037014A /* Release */ = {
			isa = XCBuildConfiguration;
			baseConfigurationReference = E109A146404C5E1E72442540 /* Pods-DJIStreamDemo-DJIStreamDemoUITests.release.xcconfig */;
			buildSettings = {
				CODE_SIGN_STYLE = Automatic;
				CURRENT_PROJECT_VERSION = 1;
				GENERATE_INFOPLIST_FILE = YES;
				MARKETING_VERSION = 1.0;
				PRODUCT_BUNDLE_IDENTIFIER = com.tvunetowrks.DJIStreamDemoUITests;
				PRODUCT_NAME = "$(TARGET_NAME)";
				STRING_CATALOG_GENERATE_SYMBOLS = NO;
				SWIFT_EMIT_LOC_STRINGS = NO;
				TARGETED_DEVICE_FAMILY = "1,2";
				TEST_TARGET_NAME = DJIStreamDemo;
			};
			name = Release;
		};
/* End XCBuildConfiguration section */

/* Begin XCConfigurationList section */
		2C8D85B92F9A20EA0037014A /* Build configuration list for PBXProject "DJIStreamDemo" */ = {
			isa = XCConfigurationList;
			buildConfigurations = (
				2C8D85EF2F9A20EC0037014A /* Debug */,
				2C8D85F02F9A20EC0037014A /* Release */,
			);
			defaultConfigurationIsVisible = 0;
			defaultConfigurationName = Release;
		};
		2C8D85EC2F9A20EC0037014A /* Build configuration list for PBXNativeTarget "DJIStreamDemo" */ = {
			isa = XCConfigurationList;
			buildConfigurations = (
				2C8D85ED2F9A20EC0037014A /* Debug */,
				2C8D85EE2F9A20EC0037014A /* Release */,
			);
			defaultConfigurationIsVisible = 0;
			defaultConfigurationName = Release;
		};
		2C8D85F12F9A20EC0037014A /* Build configuration list for PBXNativeTarget "DJIStreamDemoTests" */ = {
			isa = XCConfigurationList;
			buildConfigurations = (
				2C8D85F22F9A20EC0037014A /* Debug */,
				2C8D85F32F9A20EC0037014A /* Release */,
			);
			defaultConfigurationIsVisible = 0;
			defaultConfigurationName = Release;
		};
		2C8D85F42F9A20EC0037014A /* Build configuration list for PBXNativeTarget "DJIStreamDemoUITests" */ = {
			isa = XCConfigurationList;
			buildConfigurations = (
				2C8D85F52F9A20EC0037014A /* Debug */,
				2C8D85F62F9A20EC0037014A /* Release */,
			);
			defaultConfigurationIsVisible = 0;
			defaultConfigurationName = Release;
		};
/* End XCConfigurationList section */
	};
	rootObject = 2C8D85B62F9A20EA0037014A /* Project object */;
}
